// !$*UTF8*$!
{
	archiveVersion = 1;
	classes = {
	};
	objectVersion = 56;
	objects = {

/* Begin PBXBuildFile section */
		14081D392BC6A84500B416B4 /* main.cpp in Sources */ = {isa = PBXBuildFile; fileRef = 14081D382BC6A84500B416B4 /* main.cpp */; };
		14081D442BC6AA0600B416B4 /* main.cpp in Sources */ = {isa = PBXBuildFile; fileRef = 14081D432BC6AA0600B416B4 /* main.cpp */; };
		14081D4F2BC6B09100B416B4 /* main.cpp in Sources */ = {isa = PBXBuildFile; fileRef = 14081D4E2BC6B09100B416B4 /* main.cpp */; };
		14081D5A2BC6B53600B416B4 /* main.cpp in Sources */ = {isa = PBXBuildFile; fileRef = 14081D592BC6B53600B416B4 /* main.cpp */; };
		142808BA2BC4DF0600B058DA /* main.cpp in Sources */ = {isa = PBXBuildFile; fileRef = 142808B92BC4DF0600B058DA /* main.cpp */; };
		142808C72BC4DF2700B058DA /* main.cpp in Sources */ = {isa = PBXBuildFile; fileRef = 142808C62BC4DF2700B058DA /* main.cpp */; };
		142808D22BC4E43B00B058DA /* main.cpp in Sources */ = {isa = PBXBuildFile; fileRef = 142808D12BC4E43B00B058DA /* main.cpp */; };
		142808DD2BC4E7E800B058DA /* main.cpp in Sources */ = {isa = PBXBuildFile; fileRef = 142808DC2BC4E7E800B058DA /* main.cpp */; };
		142808E82BC4EAD400B058DA /* main.cpp in Sources */ = {isa = PBXBuildFile; fileRef = 142808E72BC4EAD400B058DA /* main.cpp */; };
		142808F32BC4FE1A00B058DA /* main.cpp in Sources */ = {isa = PBXBuildFile; fileRef = 142808F22BC4FE1A00B058DA /* main.cpp */; };
		142808FE2BC6792900B058DA /* main.cpp in Sources */ = {isa = PBXBuildFile; fileRef = 142808FD2BC6792900B058DA /* main.cpp */; };
		142809092BC67B3E00B058DA /* main.cpp in Sources */ = {isa = PBXBuildFile; fileRef = 142809082BC67B3E00B058DA /* main.cpp */; };
		145032462BCFE31300F7B628 /* main.cpp in Sources */ = {isa = PBXBuildFile; fileRef = 145032452BCFE31300F7B628 /* main.cpp */; };
		145032522BCFEE2F00F7B628 /* main.cpp in Sources */ = {isa = PBXBuildFile; fileRef = 145032512BCFEE2F00F7B628 /* main.cpp */; };
		147B396E2BF1B27B000CB2F4 /* main.cpp in Sources */ = {isa = PBXBuildFile; fileRef = 147B396D2BF1B27B000CB2F4 /* main.cpp */; };
		1480DEFB2BDA969500BACA77 /* main.cpp in Sources */ = {isa = PBXBuildFile; fileRef = 1480DEFA2BDA969500BACA77 /* main.cpp */; };
		1480DF062BDF6FAB00BACA77 /* main.cpp in Sources */ = {isa = PBXBuildFile; fileRef = 1480DF052BDF6FAB00BACA77 /* main.cpp */; };
		1480DF112BDF894500BACA77 /* main.cpp in Sources */ = {isa = PBXBuildFile; fileRef = 1480DF102BDF894500BACA77 /* main.cpp */; };
		149AAD6B2BEB9D8400CC4EB5 /* main.cpp in Sources */ = {isa = PBXBuildFile; fileRef = 149AAD6A2BEB9D8400CC4EB5 /* main.cpp */; };
		149AAD762BEBA0C800CC4EB5 /* main.cpp in Sources */ = {isa = PBXBuildFile; fileRef = 149AAD752BEBA0C800CC4EB5 /* main.cpp */; };
		149AAD812BEBA5D700CC4EB5 /* main.cpp in Sources */ = {isa = PBXBuildFile; fileRef = 149AAD802BEBA5D700CC4EB5 /* main.cpp */; };
		149AAD8C2BEBAB3200CC4EB5 /* main.cpp in Sources */ = {isa = PBXBuildFile; fileRef = 149AAD8B2BEBAB3200CC4EB5 /* main.cpp */; };
		149AAD972BEBB45D00CC4EB5 /* main.cpp in Sources */ = {isa = PBXBuildFile; fileRef = 149AAD962BEBB45D00CC4EB5 /* main.cpp */; };
		149AADA22BEBB9B400CC4EB5 /* main.cpp in Sources */ = {isa = PBXBuildFile; fileRef = 149AADA12BEBB9B400CC4EB5 /* main.cpp */; };
		149CF5822BFADB78000313A4 /* main.cpp in Sources */ = {isa = PBXBuildFile; fileRef = 149CF5812BFADB78000313A4 /* main.cpp */; };
		149CF58D2BFAE444000313A4 /* main.cpp in Sources */ = {isa = PBXBuildFile; fileRef = 149CF58C2BFAE444000313A4 /* main.cpp */; };
		149CF5982BFAED60000313A4 /* main.cpp in Sources */ = {isa = PBXBuildFile; fileRef = 149CF5972BFAED60000313A4 /* main.cpp */; };
		14D5B00D2BC6BCDE00B76ECB /* main.cpp in Sources */ = {isa = PBXBuildFile; fileRef = 14D5B00C2BC6BCDE00B76ECB /* main.cpp */; };
		14D5B0182BC6C3DE00B76ECB /* main.cpp in Sources */ = {isa = PBXBuildFile; fileRef = 14D5B0172BC6C3DE00B76ECB /* main.cpp */; };
/* End PBXBuildFile section */

/* Begin PBXCopyFilesBuildPhase section */
		14081D342BC6A84500B416B4 /* CopyFiles */ = {
			isa = PBXCopyFilesBuildPhase;
			buildActionMask = 2147483647;
			dstPath = /usr/share/man/man1/;
			dstSubfolderSpec = 0;
			files = (
			);
			runOnlyForDeploymentPostprocessing = 1;
		};
		14081D3F2BC6AA0500B416B4 /* CopyFiles */ = {
			isa = PBXCopyFilesBuildPhase;
			buildActionMask = 2147483647;
			dstPath = /usr/share/man/man1/;
			dstSubfolderSpec = 0;
			files = (
			);
			runOnlyForDeploymentPostprocessing = 1;
		};
		14081D4A2BC6B09100B416B4 /* CopyFiles */ = {
			isa = PBXCopyFilesBuildPhase;
			buildActionMask = 2147483647;
			dstPath = /usr/share/man/man1/;
			dstSubfolderSpec = 0;
			files = (
			);
			runOnlyForDeploymentPostprocessing = 1;
		};
		14081D552BC6B53500B416B4 /* CopyFiles */ = {
			isa = PBXCopyFilesBuildPhase;
			buildActionMask = 2147483647;
			dstPath = /usr/share/man/man1/;
			dstSubfolderSpec = 0;
			files = (
			);
			runOnlyForDeploymentPostprocessing = 1;
		};
		142808B42BC4DF0600B058DA /* CopyFiles */ = {
			isa = PBXCopyFilesBuildPhase;
			buildActionMask = 2147483647;
			dstPath = /usr/share/man/man1/;
			dstSubfolderSpec = 0;
			files = (
			);
			runOnlyForDeploymentPostprocessing = 1;
		};
		142808C22BC4DF2700B058DA /* CopyFiles */ = {
			isa = PBXCopyFilesBuildPhase;
			buildActionMask = 2147483647;
			dstPath = /usr/share/man/man1/;
			dstSubfolderSpec = 0;
			files = (
			);
			runOnlyForDeploymentPostprocessing = 1;
		};
		142808CD2BC4E43B00B058DA /* CopyFiles */ = {
			isa = PBXCopyFilesBuildPhase;
			buildActionMask = 2147483647;
			dstPath = /usr/share/man/man1/;
			dstSubfolderSpec = 0;
			files = (
			);
			runOnlyForDeploymentPostprocessing = 1;
		};
		142808D82BC4E7E800B058DA /* CopyFiles */ = {
			isa = PBXCopyFilesBuildPhase;
			buildActionMask = 2147483647;
			dstPath = /usr/share/man/man1/;
			dstSubfolderSpec = 0;
			files = (
			);
			runOnlyForDeploymentPostprocessing = 1;
		};
		142808E32BC4EAD400B058DA /* CopyFiles */ = {
			isa = PBXCopyFilesBuildPhase;
			buildActionMask = 2147483647;
			dstPath = /usr/share/man/man1/;
			dstSubfolderSpec = 0;
			files = (
			);
			runOnlyForDeploymentPostprocessing = 1;
		};
		142808EE2BC4FE1A00B058DA /* CopyFiles */ = {
			isa = PBXCopyFilesBuildPhase;
			buildActionMask = 2147483647;
			dstPath = /usr/share/man/man1/;
			dstSubfolderSpec = 0;
			files = (
			);
			runOnlyForDeploymentPostprocessing = 1;
		};
		142808F92BC6792900B058DA /* CopyFiles */ = {
			isa = PBXCopyFilesBuildPhase;
			buildActionMask = 2147483647;
			dstPath = /usr/share/man/man1/;
			dstSubfolderSpec = 0;
			files = (
			);
			runOnlyForDeploymentPostprocessing = 1;
		};
		142809042BC67B3E00B058DA /* CopyFiles */ = {
			isa = PBXCopyFilesBuildPhase;
			buildActionMask = 2147483647;
			dstPath = /usr/share/man/man1/;
			dstSubfolderSpec = 0;
			files = (
			);
			runOnlyForDeploymentPostprocessing = 1;
		};
		145032412BCFE31200F7B628 /* CopyFiles */ = {
			isa = PBXCopyFilesBuildPhase;
			buildActionMask = 2147483647;
			dstPath = /usr/share/man/man1/;
			dstSubfolderSpec = 0;
			files = (
			);
			runOnlyForDeploymentPostprocessing = 1;
		};
		1450324D2BCFEE2E00F7B628 /* CopyFiles */ = {
			isa = PBXCopyFilesBuildPhase;
			buildActionMask = 2147483647;
			dstPath = /usr/share/man/man1/;
			dstSubfolderSpec = 0;
			files = (
			);
			runOnlyForDeploymentPostprocessing = 1;
		};
		147B39692BF1B27B000CB2F4 /* CopyFiles */ = {
			isa = PBXCopyFilesBuildPhase;
			buildActionMask = 2147483647;
			dstPath = /usr/share/man/man1/;
			dstSubfolderSpec = 0;
			files = (
			);
			runOnlyForDeploymentPostprocessing = 1;
		};
		1480DEF62BDA969500BACA77 /* CopyFiles */ = {
			isa = PBXCopyFilesBuildPhase;
			buildActionMask = 2147483647;
			dstPath = /usr/share/man/man1/;
			dstSubfolderSpec = 0;
			files = (
			);
			runOnlyForDeploymentPostprocessing = 1;
		};
		1480DF012BDF6FAB00BACA77 /* CopyFiles */ = {
			isa = PBXCopyFilesBuildPhase;
			buildActionMask = 2147483647;
			dstPath = /usr/share/man/man1/;
			dstSubfolderSpec = 0;
			files = (
			);
			runOnlyForDeploymentPostprocessing = 1;
		};
		1480DF0C2BDF894500BACA77 /* CopyFiles */ = {
			isa = PBXCopyFilesBuildPhase;
			buildActionMask = 2147483647;
			dstPath = /usr/share/man/man1/;
			dstSubfolderSpec = 0;
			files = (
			);
			runOnlyForDeploymentPostprocessing = 1;
		};
		149AAD662BEB9D8400CC4EB5 /* CopyFiles */ = {
			isa = PBXCopyFilesBuildPhase;
			buildActionMask = 2147483647;
			dstPath = /usr/share/man/man1/;
			dstSubfolderSpec = 0;
			files = (
			);
			runOnlyForDeploymentPostprocessing = 1;
		};
		149AAD712BEBA0C800CC4EB5 /* CopyFiles */ = {
			isa = PBXCopyFilesBuildPhase;
			buildActionMask = 2147483647;
			dstPath = /usr/share/man/man1/;
			dstSubfolderSpec = 0;
			files = (
			);
			runOnlyForDeploymentPostprocessing = 1;
		};
		149AAD7C2BEBA5D700CC4EB5 /* CopyFiles */ = {
			isa = PBXCopyFilesBuildPhase;
			buildActionMask = 2147483647;
			dstPath = /usr/share/man/man1/;
			dstSubfolderSpec = 0;
			files = (
			);
			runOnlyForDeploymentPostprocessing = 1;
		};
		149AAD872BEBAB3200CC4EB5 /* CopyFiles */ = {
			isa = PBXCopyFilesBuildPhase;
			buildActionMask = 2147483647;
			dstPath = /usr/share/man/man1/;
			dstSubfolderSpec = 0;
			files = (
			);
			runOnlyForDeploymentPostprocessing = 1;
		};
		149AAD922BEBB45D00CC4EB5 /* CopyFiles */ = {
			isa = PBXCopyFilesBuildPhase;
			buildActionMask = 2147483647;
			dstPath = /usr/share/man/man1/;
			dstSubfolderSpec = 0;
			files = (
			);
			runOnlyForDeploymentPostprocessing = 1;
		};
		149AAD9D2BEBB9B400CC4EB5 /* CopyFiles */ = {
			isa = PBXCopyFilesBuildPhase;
			buildActionMask = 2147483647;
			dstPath = /usr/share/man/man1/;
			dstSubfolderSpec = 0;
			files = (
			);
			runOnlyForDeploymentPostprocessing = 1;
		};
		149CF57D2BFADB78000313A4 /* CopyFiles */ = {
			isa = PBXCopyFilesBuildPhase;
			buildActionMask = 2147483647;
			dstPath = /usr/share/man/man1/;
			dstSubfolderSpec = 0;
			files = (
			);
			runOnlyForDeploymentPostprocessing = 1;
		};
		149CF5882BFAE443000313A4 /* CopyFiles */ = {
			isa = PBXCopyFilesBuildPhase;
			buildActionMask = 2147483647;
			dstPath = /usr/share/man/man1/;
			dstSubfolderSpec = 0;
			files = (
			);
			runOnlyForDeploymentPostprocessing = 1;
		};
		149CF5932BFAED60000313A4 /* CopyFiles */ = {
			isa = PBXCopyFilesBuildPhase;
			buildActionMask = 2147483647;
			dstPath = /usr/share/man/man1/;
			dstSubfolderSpec = 0;
			files = (
			);
			runOnlyForDeploymentPostprocessing = 1;
		};
		14D5B0082BC6BCDE00B76ECB /* CopyFiles */ = {
			isa = PBXCopyFilesBuildPhase;
			buildActionMask = 2147483647;
			dstPath = /usr/share/man/man1/;
			dstSubfolderSpec = 0;
			files = (
			);
			runOnlyForDeploymentPostprocessing = 1;
		};
		14D5B0132BC6C3DE00B76ECB /* CopyFiles */ = {
			isa = PBXCopyFilesBuildPhase;
			buildActionMask = 2147483647;
			dstPath = /usr/share/man/man1/;
			dstSubfolderSpec = 0;
			files = (
			);
			runOnlyForDeploymentPostprocessing = 1;
		};
/* End PBXCopyFilesBuildPhase section */

/* Begin PBXFileReference section */
		14081D362BC6A84500B416B4 /* 汉诺塔 */ = {isa = PBXFileReference; explicitFileType = "compiled.mach-o.executable"; includeInIndex = 0; path = "汉诺塔"; sourceTree = BUILT_PRODUCTS_DIR; };
		14081D382BC6A84500B416B4 /* main.cpp */ = {isa = PBXFileReference; lastKnownFileType = sourcecode.cpp.cpp; path = main.cpp; sourceTree = "<group>"; };
		14081D412BC6AA0500B416B4 /* 逆序对 */ = {isa = PBXFileReference; explicitFileType = "compiled.mach-o.executable"; includeInIndex = 0; path = "逆序对"; sourceTree = BUILT_PRODUCTS_DIR; };
		14081D432BC6AA0600B416B4 /* main.cpp */ = {isa = PBXFileReference; lastKnownFileType = sourcecode.cpp.cpp; path = main.cpp; sourceTree = "<group>"; };
		14081D4C2BC6B09100B416B4 /* 幂运算 */ = {isa = PBXFileReference; explicitFileType = "compiled.mach-o.executable"; includeInIndex = 0; path = "幂运算"; sourceTree = BUILT_PRODUCTS_DIR; };
		14081D4E2BC6B09100B416B4 /* main.cpp */ = {isa = PBXFileReference; lastKnownFileType = sourcecode.cpp.cpp; path = main.cpp; sourceTree = "<group>"; };
		14081D572BC6B53500B416B4 /* 斐波那契数列第n项Plus */ = {isa = PBXFileReference; explicitFileType = "compiled.mach-o.executable"; includeInIndex = 0; path = "斐波那契数列第n项Plus"; sourceTree = BUILT_PRODUCTS_DIR; };
		14081D592BC6B53600B416B4 /* main.cpp */ = {isa = PBXFileReference; lastKnownFileType = sourcecode.cpp.cpp; path = main.cpp; sourceTree = "<group>"; };
		142808B62BC4DF0600B058DA /* 算法分析设计 */ = {isa = PBXFileReference; explicitFileType = "compiled.mach-o.executable"; includeInIndex = 0; path = "算法分析设计"; sourceTree = BUILT_PRODUCTS_DIR; };
		142808B92BC4DF0600B058DA /* main.cpp */ = {isa = PBXFileReference; lastKnownFileType = sourcecode.cpp.cpp; path = main.cpp; sourceTree = "<group>"; };
		142808C42BC4DF2700B058DA /* log2(N) */ = {isa = PBXFileReference; explicitFileType = "compiled.mach-o.executable"; includeInIndex = 0; path = "log2(N)"; sourceTree = BUILT_PRODUCTS_DIR; };
		142808C62BC4DF2700B058DA /* main.cpp */ = {isa = PBXFileReference; lastKnownFileType = sourcecode.cpp.cpp; path = main.cpp; sourceTree = "<group>"; };
		142808CF2BC4E43B00B058DA /* 200和整数对之间的情缘 */ = {isa = PBXFileReference; explicitFileType = "compiled.mach-o.executable"; includeInIndex = 0; path = "200和整数对之间的情缘"; sourceTree = BUILT_PRODUCTS_DIR; };
		142808D12BC4E43B00B058DA /* main.cpp */ = {isa = PBXFileReference; lastKnownFileType = sourcecode.cpp.cpp; path = main.cpp; sourceTree = "<group>"; };
		142808DA2BC4E7E800B058DA /* 两面包夹芝 */ = {isa = PBXFileReference; explicitFileType = "compiled.mach-o.executable"; includeInIndex = 0; path = "两面包夹芝"; sourceTree = BUILT_PRODUCTS_DIR; };
		142808DC2BC4E7E800B058DA /* main.cpp */ = {isa = PBXFileReference; lastKnownFileType = sourcecode.cpp.cpp; path = main.cpp; sourceTree = "<group>"; };
		142808E52BC4EAD400B058DA /* 模拟计算器 */ = {isa = PBXFileReference; explicitFileType = "compiled.mach-o.executable"; includeInIndex = 0; path = "模拟计算器"; sourceTree = BUILT_PRODUCTS_DIR; };
		142808E72BC4EAD400B058DA /* main.cpp */ = {isa = PBXFileReference; lastKnownFileType = sourcecode.cpp.cpp; path = main.cpp; sourceTree = "<group>"; };
		142808F02BC4FE1A00B058DA /* 排队 */ = {isa = PBXFileReference; explicitFileType = "compiled.mach-o.executable"; includeInIndex = 0; path = "排队"; sourceTree = BUILT_PRODUCTS_DIR; };
		142808F22BC4FE1A00B058DA /* main.cpp */ = {isa = PBXFileReference; lastKnownFileType = sourcecode.cpp.cpp; path = main.cpp; sourceTree = "<group>"; };
		142808FB2BC6792900B058DA /* 动物的传染病 */ = {isa = PBXFileReference; explicitFileType = "compiled.mach-o.executable"; includeInIndex = 0; path = "动物的传染病"; sourceTree = BUILT_PRODUCTS_DIR; };
		142808FD2BC6792900B058DA /* main.cpp */ = {isa = PBXFileReference; lastKnownFileType = sourcecode.cpp.cpp; path = main.cpp; sourceTree = "<group>"; };
		142809062BC67B3E00B058DA /* 台阶问题 */ = {isa = PBXFileReference; explicitFileType = "compiled.mach-o.executable"; includeInIndex = 0; path = "台阶问题"; sourceTree = BUILT_PRODUCTS_DIR; };
		142809082BC67B3E00B058DA /* main.cpp */ = {isa = PBXFileReference; lastKnownFileType = sourcecode.cpp.cpp; path = main.cpp; sourceTree = "<group>"; };
		145032432BCFE31200F7B628 /* 循环赛日程表 */ = {isa = PBXFileReference; explicitFileType = "compiled.mach-o.executable"; includeInIndex = 0; path = "循环赛日程表"; sourceTree = BUILT_PRODUCTS_DIR; };
		145032452BCFE31300F7B628 /* main.cpp */ = {isa = PBXFileReference; lastKnownFileType = sourcecode.cpp.cpp; path = main.cpp; sourceTree = "<group>"; };
		1450324F2BCFEE2F00F7B628 /* 整数位乘 */ = {isa = PBXFileReference; explicitFileType = "compiled.mach-o.executable"; includeInIndex = 0; path = "整数位乘"; sourceTree = BUILT_PRODUCTS_DIR; };
		145032512BCFEE2F00F7B628 /* main.cpp */ = {isa = PBXFileReference; lastKnownFileType = sourcecode.cpp.cpp; path = main.cpp; sourceTree = "<group>"; };
		147B396B2BF1B27B000CB2F4 /* 方块堆塔 */ = {isa = PBXFileReference; explicitFileType = "compiled.mach-o.executable"; includeInIndex = 0; path = "方块堆塔"; sourceTree = BUILT_PRODUCTS_DIR; };
		147B396D2BF1B27B000CB2F4 /* main.cpp */ = {isa = PBXFileReference; lastKnownFileType = sourcecode.cpp.cpp; path = main.cpp; sourceTree = "<group>"; };
		1480DEF82BDA969500BACA77 /* 平面最近点对 */ = {isa = PBXFileReference; explicitFileType = "compiled.mach-o.executable"; includeInIndex = 0; path = "平面最近点对"; sourceTree = BUILT_PRODUCTS_DIR; };
		1480DEFA2BDA969500BACA77 /* main.cpp */ = {isa = PBXFileReference; lastKnownFileType = sourcecode.cpp.cpp; path = main.cpp; sourceTree = "<group>"; };
		1480DF032BDF6FAB00BACA77 /* 数字三角形 */ = {isa = PBXFileReference; explicitFileType = "compiled.mach-o.executable"; includeInIndex = 0; path = "数字三角形"; sourceTree = BUILT_PRODUCTS_DIR; };
		1480DF052BDF6FAB00BACA77 /* main.cpp */ = {isa = PBXFileReference; lastKnownFileType = sourcecode.cpp.cpp; path = main.cpp; sourceTree = "<group>"; };
		1480DF0E2BDF894500BACA77 /* 最大子串和 */ = {isa = PBXFileReference; explicitFileType = "compiled.mach-o.executable"; includeInIndex = 0; path = "最大子串和"; sourceTree = BUILT_PRODUCTS_DIR; };
		1480DF102BDF894500BACA77 /* main.cpp */ = {isa = PBXFileReference; lastKnownFileType = sourcecode.cpp.cpp; path = main.cpp; sourceTree = "<group>"; };
		149AAD682BEB9D8400CC4EB5 /* 物品无限的背包问题 */ = {isa = PBXFileReference; explicitFileType = "compiled.mach-o.executable"; includeInIndex = 0; path = "物品无限的背包问题"; sourceTree = BUILT_PRODUCTS_DIR; };
		149AAD6A2BEB9D8400CC4EB5 /* main.cpp */ = {isa = PBXFileReference; lastKnownFileType = sourcecode.cpp.cpp; path = main.cpp; sourceTree = "<group>"; };
		149AAD732BEBA0C800CC4EB5 /* 01背包 */ = {isa = PBXFileReference; explicitFileType = "compiled.mach-o.executable"; includeInIndex = 0; path = "01背包"; sourceTree = BUILT_PRODUCTS_DIR; };
		149AAD752BEBA0C800CC4EB5 /* main.cpp */ = {isa = PBXFileReference; lastKnownFileType = sourcecode.cpp.cpp; path = main.cpp; sourceTree = "<group>"; };
		149AAD7E2BEBA5D700CC4EB5 /* 最长上升子序列（小规模） */ = {isa = PBXFileReference; explicitFileType = "compiled.mach-o.executable"; includeInIndex = 0; path = "最长上升子序列（小规模）"; sourceTree = BUILT_PRODUCTS_DIR; };
		149AAD802BEBA5D700CC4EB5 /* main.cpp */ = {isa = PBXFileReference; lastKnownFileType = sourcecode.cpp.cpp; path = main.cpp; sourceTree = "<group>"; };
		149AAD892BEBAB3200CC4EB5 /* 最长上升子序列（大规模） */ = {isa = PBXFileReference; explicitFileType = "compiled.mach-o.executable"; includeInIndex = 0; path = "最长上升子序列（大规模）"; sourceTree = BUILT_PRODUCTS_DIR; };
		149AAD8B2BEBAB3200CC4EB5 /* main.cpp */ = {isa = PBXFileReference; lastKnownFileType = sourcecode.cpp.cpp; path = main.cpp; sourceTree = "<group>"; };
		149AAD942BEBB45D00CC4EB5 /* 最长公共子序列 */ = {isa = PBXFileReference; explicitFileType = "compiled.mach-o.executable"; includeInIndex = 0; path = "最长公共子序列"; sourceTree = BUILT_PRODUCTS_DIR; };
		149AAD962BEBB45D00CC4EB5 /* main.cpp */ = {isa = PBXFileReference; lastKnownFileType = sourcecode.cpp.cpp; path = main.cpp; sourceTree = "<group>"; };
		149AAD9F2BEBB9B400CC4EB5 /* 模9 */ = {isa = PBXFileReference; explicitFileType = "compiled.mach-o.executable"; includeInIndex = 0; path = "模9"; sourceTree = BUILT_PRODUCTS_DIR; };
		149AADA12BEBB9B400CC4EB5 /* main.cpp */ = {isa = PBXFileReference; lastKnownFileType = sourcecode.cpp.cpp; path = main.cpp; sourceTree = "<group>"; };
		149CF57F2BFADB78000313A4 /* 最优装载 */ = {isa = PBXFileReference; explicitFileType = "compiled.mach-o.executable"; includeInIndex = 0; path = "最优装载"; sourceTree = BUILT_PRODUCTS_DIR; };
		149CF5812BFADB78000313A4 /* main.cpp */ = {isa = PBXFileReference; lastKnownFileType = sourcecode.cpp.cpp; path = main.cpp; sourceTree = "<group>"; };
		149CF58A2BFAE444000313A4 /* 找零钱 */ = {isa = PBXFileReference; explicitFileType = "compiled.mach-o.executable"; includeInIndex = 0; path = "找零钱"; sourceTree = BUILT_PRODUCTS_DIR; };
		149CF58C2BFAE444000313A4 /* main.cpp */ = {isa = PBXFileReference; lastKnownFileType = sourcecode.cpp.cpp; path = main.cpp; sourceTree = "<group>"; };
		149CF5952BFAED60000313A4 /* 活动选择 */ = {isa = PBXFileReference; explicitFileType = "compiled.mach-o.executable"; includeInIndex = 0; path = "活动选择"; sourceTree = BUILT_PRODUCTS_DIR; };
		149CF5972BFAED60000313A4 /* main.cpp */ = {isa = PBXFileReference; lastKnownFileType = sourcecode.cpp.cpp; path = main.cpp; sourceTree = "<group>"; };
		14D5B00A2BC6BCDE00B76ECB /* 很大的数组的第k小 */ = {isa = PBXFileReference; explicitFileType = "compiled.mach-o.executable"; includeInIndex = 0; path = "很大的数组的第k小"; sourceTree = BUILT_PRODUCTS_DIR; };
		14D5B00C2BC6BCDE00B76ECB /* main.cpp */ = {isa = PBXFileReference; lastKnownFileType = sourcecode.cpp.cpp; path = main.cpp; sourceTree = "<group>"; };
		14D5B0152BC6C3DE00B76ECB /* 仿蝴蝶变换 */ = {isa = PBXFileReference; explicitFileType = "compiled.mach-o.executable"; includeInIndex = 0; path = "仿蝴蝶变换"; sourceTree = BUILT_PRODUCTS_DIR; };
		14D5B0172BC6C3DE00B76ECB /* main.cpp */ = {isa = PBXFileReference; lastKnownFileType = sourcecode.cpp.cpp; path = main.cpp; sourceTree = "<group>"; };
/* End PBXFileReference section */

/* Begin PBXFrameworksBuildPhase section */
		14081D332BC6A84500B416B4 /* Frameworks */ = {
			isa = PBXFrameworksBuildPhase;
			buildActionMask = 2147483647;
			files = (
			);
			runOnlyForDeploymentPostprocessing = 0;
		};
		14081D3E2BC6AA0500B416B4 /* Frameworks */ = {
			isa = PBXFrameworksBuildPhase;
			buildActionMask = 2147483647;
			files = (
			);
			runOnlyForDeploymentPostprocessing = 0;
		};
		14081D492BC6B09100B416B4 /* Frameworks */ = {
			isa = PBXFrameworksBuildPhase;
			buildActionMask = 2147483647;
			files = (
			);
			runOnlyForDeploymentPostprocessing = 0;
		};
		14081D542BC6B53500B416B4 /* Frameworks */ = {
			isa = PBXFrameworksBuildPhase;
			buildActionMask = 2147483647;
			files = (
			);
			runOnlyForDeploymentPostprocessing = 0;
		};
		142808B32BC4DF0600B058DA /* Frameworks */ = {
			isa = PBXFrameworksBuildPhase;
			buildActionMask = 2147483647;
			files = (
			);
			runOnlyForDeploymentPostprocessing = 0;
		};
		142808C12BC4DF2700B058DA /* Frameworks */ = {
			isa = PBXFrameworksBuildPhase;
			buildActionMask = 2147483647;
			files = (
			);
			runOnlyForDeploymentPostprocessing = 0;
		};
		142808CC2BC4E43B00B058DA /* Frameworks */ = {
			isa = PBXFrameworksBuildPhase;
			buildActionMask = 2147483647;
			files = (
			);
			runOnlyForDeploymentPostprocessing = 0;
		};
		142808D72BC4E7E800B058DA /* Frameworks */ = {
			isa = PBXFrameworksBuildPhase;
			buildActionMask = 2147483647;
			files = (
			);
			runOnlyForDeploymentPostprocessing = 0;
		};
		142808E22BC4EAD400B058DA /* Frameworks */ = {
			isa = PBXFrameworksBuildPhase;
			buildActionMask = 2147483647;
			files = (
			);
			runOnlyForDeploymentPostprocessing = 0;
		};
		142808ED2BC4FE1A00B058DA /* Frameworks */ = {
			isa = PBXFrameworksBuildPhase;
			buildActionMask = 2147483647;
			files = (
			);
			runOnlyForDeploymentPostprocessing = 0;
		};
		142808F82BC6792900B058DA /* Frameworks */ = {
			isa = PBXFrameworksBuildPhase;
			buildActionMask = 2147483647;
			files = (
			);
			runOnlyForDeploymentPostprocessing = 0;
		};
		142809032BC67B3E00B058DA /* Frameworks */ = {
			isa = PBXFrameworksBuildPhase;
			buildActionMask = 2147483647;
			files = (
			);
			runOnlyForDeploymentPostprocessing = 0;
		};
		145032402BCFE31200F7B628 /* Frameworks */ = {
			isa = PBXFrameworksBuildPhase;
			buildActionMask = 2147483647;
			files = (
			);
			runOnlyForDeploymentPostprocessing = 0;
		};
		1450324C2BCFEE2E00F7B628 /* Frameworks */ = {
			isa = PBXFrameworksBuildPhase;
			buildActionMask = 2147483647;
			files = (
			);
			runOnlyForDeploymentPostprocessing = 0;
		};
		147B39682BF1B27B000CB2F4 /* Frameworks */ = {
			isa = PBXFrameworksBuildPhase;
			buildActionMask = 2147483647;
			files = (
			);
			runOnlyForDeploymentPostprocessing = 0;
		};
		1480DEF52BDA969500BACA77 /* Frameworks */ = {
			isa = PBXFrameworksBuildPhase;
			buildActionMask = 2147483647;
			files = (
			);
			runOnlyForDeploymentPostprocessing = 0;
		};
		1480DF002BDF6FAB00BACA77 /* Frameworks */ = {
			isa = PBXFrameworksBuildPhase;
			buildActionMask = 2147483647;
			files = (
			);
			runOnlyForDeploymentPostprocessing = 0;
		};
		1480DF0B2BDF894500BACA77 /* Frameworks */ = {
			isa = PBXFrameworksBuildPhase;
			buildActionMask = 2147483647;
			files = (
			);
			runOnlyForDeploymentPostprocessing = 0;
		};
		149AAD652BEB9D8400CC4EB5 /* Frameworks */ = {
			isa = PBXFrameworksBuildPhase;
			buildActionMask = 2147483647;
			files = (
			);
			runOnlyForDeploymentPostprocessing = 0;
		};
		149AAD702BEBA0C800CC4EB5 /* Frameworks */ = {
			isa = PBXFrameworksBuildPhase;
			buildActionMask = 2147483647;
			files = (
			);
			runOnlyForDeploymentPostprocessing = 0;
		};
		149AAD7B2BEBA5D700CC4EB5 /* Frameworks */ = {
			isa = PBXFrameworksBuildPhase;
			buildActionMask = 2147483647;
			files = (
			);
			runOnlyForDeploymentPostprocessing = 0;
		};
		149AAD862BEBAB3200CC4EB5 /* Frameworks */ = {
			isa = PBXFrameworksBuildPhase;
			buildActionMask = 2147483647;
			files = (
			);
			runOnlyForDeploymentPostprocessing = 0;
		};
		149AAD912BEBB45D00CC4EB5 /* Frameworks */ = {
			isa = PBXFrameworksBuildPhase;
			buildActionMask = 2147483647;
			files = (
			);
			runOnlyForDeploymentPostprocessing = 0;
		};
		149AAD9C2BEBB9B400CC4EB5 /* Frameworks */ = {
			isa = PBXFrameworksBuildPhase;
			buildActionMask = 2147483647;
			files = (
			);
			runOnlyForDeploymentPostprocessing = 0;
		};
		149CF57C2BFADB78000313A4 /* Frameworks */ = {
			isa = PBXFrameworksBuildPhase;
			buildActionMask = 2147483647;
			files = (
			);
			runOnlyForDeploymentPostprocessing = 0;
		};
		149CF5872BFAE443000313A4 /* Frameworks */ = {
			isa = PBXFrameworksBuildPhase;
			buildActionMask = 2147483647;
			files = (
			);
			runOnlyForDeploymentPostprocessing = 0;
		};
		149CF5922BFAED60000313A4 /* Frameworks */ = {
			isa = PBXFrameworksBuildPhase;
			buildActionMask = 2147483647;
			files = (
			);
			runOnlyForDeploymentPostprocessing = 0;
		};
		14D5B0072BC6BCDE00B76ECB /* Frameworks */ = {
			isa = PBXFrameworksBuildPhase;
			buildActionMask = 2147483647;
			files = (
			);
			runOnlyForDeploymentPostprocessing = 0;
		};
		14D5B0122BC6C3DE00B76ECB /* Frameworks */ = {
			isa = PBXFrameworksBuildPhase;
			buildActionMask = 2147483647;
			files = (
			);
			runOnlyForDeploymentPostprocessing = 0;
		};
/* End PBXFrameworksBuildPhase section */

/* Begin PBXGroup section */
		14081D372BC6A84500B416B4 /* 汉诺塔 */ = {
			isa = PBXGroup;
			children = (
				14081D382BC6A84500B416B4 /* main.cpp */,
			);
			path = "汉诺塔";
			sourceTree = "<group>";
		};
		14081D422BC6AA0600B416B4 /* 逆序对 */ = {
			isa = PBXGroup;
			children = (
				14081D432BC6AA0600B416B4 /* main.cpp */,
			);
			path = "逆序对";
			sourceTree = "<group>";
		};
		14081D4D2BC6B09100B416B4 /* 幂运算 */ = {
			isa = PBXGroup;
			children = (
				14081D4E2BC6B09100B416B4 /* main.cpp */,
			);
			path = "幂运算";
			sourceTree = "<group>";
		};
		14081D582BC6B53600B416B4 /* 斐波那契数列第n项Plus */ = {
			isa = PBXGroup;
			children = (
				14081D592BC6B53600B416B4 /* main.cpp */,
			);
			path = "斐波那契数列第n项Plus";
			sourceTree = "<group>";
		};
		142808AD2BC4DF0600B058DA = {
			isa = PBXGroup;
			children = (
				142808B82BC4DF0600B058DA /* 算法分析设计 */,
				142808C52BC4DF2700B058DA /* log2(N) */,
				142808D02BC4E43B00B058DA /* 200和整数对之间的情缘 */,
				142808DB2BC4E7E800B058DA /* 两面包夹芝 */,
				142808E62BC4EAD400B058DA /* 模拟计算器 */,
				142808F12BC4FE1A00B058DA /* 排队 */,
				142808FC2BC6792900B058DA /* 动物的传染病 */,
				142809072BC67B3E00B058DA /* 台阶问题 */,
				14081D372BC6A84500B416B4 /* 汉诺塔 */,
				14081D422BC6AA0600B416B4 /* 逆序对 */,
				14081D4D2BC6B09100B416B4 /* 幂运算 */,
				14081D582BC6B53600B416B4 /* 斐波那契数列第n项Plus */,
				14D5B00B2BC6BCDE00B76ECB /* 很大的数组的第k小 */,
				14D5B0162BC6C3DE00B76ECB /* 仿蝴蝶变换 */,
				145032442BCFE31300F7B628 /* 循环赛日程表 */,
				145032502BCFEE2F00F7B628 /* 整数位乘 */,
				1480DEF92BDA969500BACA77 /* 平面最近点对 */,
				1480DF042BDF6FAB00BACA77 /* 数字三角形 */,
				1480DF0F2BDF894500BACA77 /* 最大子串和 */,
				149AAD692BEB9D8400CC4EB5 /* 物品无限的背包问题 */,
				149AAD742BEBA0C800CC4EB5 /* 01背包 */,
				149AAD7F2BEBA5D700CC4EB5 /* 最长上升子序列（小规模） */,
				149AAD8A2BEBAB3200CC4EB5 /* 最长上升子序列（大规模） */,
				149AAD952BEBB45D00CC4EB5 /* 最长公共子序列 */,
				149AADA02BEBB9B400CC4EB5 /* 模9 */,
				147B396C2BF1B27B000CB2F4 /* 方块堆塔 */,
				149CF5802BFADB78000313A4 /* 最优装载 */,
				149CF58B2BFAE444000313A4 /* 找零钱 */,
				149CF5962BFAED60000313A4 /* 活动选择 */,
				142808B72BC4DF0600B058DA /* Products */,
			);
			sourceTree = "<group>";
		};
		142808B72BC4DF0600B058DA /* Products */ = {
			isa = PBXGroup;
			children = (
				142808B62BC4DF0600B058DA /* 算法分析设计 */,
				142808C42BC4DF2700B058DA /* log2(N) */,
				142808CF2BC4E43B00B058DA /* 200和整数对之间的情缘 */,
				142808DA2BC4E7E800B058DA /* 两面包夹芝 */,
				142808E52BC4EAD400B058DA /* 模拟计算器 */,
				142808F02BC4FE1A00B058DA /* 排队 */,
				142808FB2BC6792900B058DA /* 动物的传染病 */,
				142809062BC67B3E00B058DA /* 台阶问题 */,
				14081D362BC6A84500B416B4 /* 汉诺塔 */,
				14081D412BC6AA0500B416B4 /* 逆序对 */,
				14081D4C2BC6B09100B416B4 /* 幂运算 */,
				14081D572BC6B53500B416B4 /* 斐波那契数列第n项Plus */,
				14D5B00A2BC6BCDE00B76ECB /* 很大的数组的第k小 */,
				14D5B0152BC6C3DE00B76ECB /* 仿蝴蝶变换 */,
				145032432BCFE31200F7B628 /* 循环赛日程表 */,
				1450324F2BCFEE2F00F7B628 /* 整数位乘 */,
				1480DEF82BDA969500BACA77 /* 平面最近点对 */,
				1480DF032BDF6FAB00BACA77 /* 数字三角形 */,
				1480DF0E2BDF894500BACA77 /* 最大子串和 */,
				149AAD682BEB9D8400CC4EB5 /* 物品无限的背包问题 */,
				149AAD732BEBA0C800CC4EB5 /* 01背包 */,
				149AAD7E2BEBA5D700CC4EB5 /* 最长上升子序列（小规模） */,
				149AAD892BEBAB3200CC4EB5 /* 最长上升子序列（大规模） */,
				149AAD942BEBB45D00CC4EB5 /* 最长公共子序列 */,
				149AAD9F2BEBB9B400CC4EB5 /* 模9 */,
				147B396B2BF1B27B000CB2F4 /* 方块堆塔 */,
				149CF57F2BFADB78000313A4 /* 最优装载 */,
				149CF58A2BFAE444000313A4 /* 找零钱 */,
				149CF5952BFAED60000313A4 /* 活动选择 */,
			);
			name = Products;
			sourceTree = "<group>";
		};
		142808B82BC4DF0600B058DA /* 算法分析设计 */ = {
			isa = PBXGroup;
			children = (
				142808B92BC4DF0600B058DA /* main.cpp */,
			);
			path = "算法分析设计";
			sourceTree = "<group>";
		};
		142808C52BC4DF2700B058DA /* log2(N) */ = {
			isa = PBXGroup;
			children = (
				142808C62BC4DF2700B058DA /* main.cpp */,
			);
			path = "log2(N)";
			sourceTree = "<group>";
		};
		142808D02BC4E43B00B058DA /* 200和整数对之间的情缘 */ = {
			isa = PBXGroup;
			children = (
				142808D12BC4E43B00B058DA /* main.cpp */,
			);
			path = "200和整数对之间的情缘";
			sourceTree = "<group>";
		};
		142808DB2BC4E7E800B058DA /* 两面包夹芝 */ = {
			isa = PBXGroup;
			children = (
				142808DC2BC4E7E800B058DA /* main.cpp */,
			);
			path = "两面包夹芝";
			sourceTree = "<group>";
		};
		142808E62BC4EAD400B058DA /* 模拟计算器 */ = {
			isa = PBXGroup;
			children = (
				142808E72BC4EAD400B058DA /* main.cpp */,
			);
			path = "模拟计算器";
			sourceTree = "<group>";
		};
		142808F12BC4FE1A00B058DA /* 排队 */ = {
			isa = PBXGroup;
			children = (
				142808F22BC4FE1A00B058DA /* main.cpp */,
			);
			path = "排队";
			sourceTree = "<group>";
		};
		142808FC2BC6792900B058DA /* 动物的传染病 */ = {
			isa = PBXGroup;
			children = (
				142808FD2BC6792900B058DA /* main.cpp */,
			);
			path = "动物的传染病";
			sourceTree = "<group>";
		};
		142809072BC67B3E00B058DA /* 台阶问题 */ = {
			isa = PBXGroup;
			children = (
				142809082BC67B3E00B058DA /* main.cpp */,
			);
			path = "台阶问题";
			sourceTree = "<group>";
		};
		145032442BCFE31300F7B628 /* 循环赛日程表 */ = {
			isa = PBXGroup;
			children = (
				145032452BCFE31300F7B628 /* main.cpp */,
			);
			path = "循环赛日程表";
			sourceTree = "<group>";
		};
		145032502BCFEE2F00F7B628 /* 整数位乘 */ = {
			isa = PBXGroup;
			children = (
				145032512BCFEE2F00F7B628 /* main.cpp */,
			);
			path = "整数位乘";
			sourceTree = "<group>";
		};
		147B396C2BF1B27B000CB2F4 /* 方块堆塔 */ = {
			isa = PBXGroup;
			children = (
				147B396D2BF1B27B000CB2F4 /* main.cpp */,
			);
			path = "方块堆塔";
			sourceTree = "<group>";
		};
		1480DEF92BDA969500BACA77 /* 平面最近点对 */ = {
			isa = PBXGroup;
			children = (
				1480DEFA2BDA969500BACA77 /* main.cpp */,
			);
			path = "平面最近点对";
			sourceTree = "<group>";
		};
		1480DF042BDF6FAB00BACA77 /* 数字三角形 */ = {
			isa = PBXGroup;
			children = (
				1480DF052BDF6FAB00BACA77 /* main.cpp */,
			);
			path = "数字三角形";
			sourceTree = "<group>";
		};
		1480DF0F2BDF894500BACA77 /* 最大子串和 */ = {
			isa = PBXGroup;
			children = (
				1480DF102BDF894500BACA77 /* main.cpp */,
			);
			path = "最大子串和";
			sourceTree = "<group>";
		};
		149AAD692BEB9D8400CC4EB5 /* 物品无限的背包问题 */ = {
			isa = PBXGroup;
			children = (
				149AAD6A2BEB9D8400CC4EB5 /* main.cpp */,
			);
			path = "物品无限的背包问题";
			sourceTree = "<group>";
		};
		149AAD742BEBA0C800CC4EB5 /* 01背包 */ = {
			isa = PBXGroup;
			children = (
				149AAD752BEBA0C800CC4EB5 /* main.cpp */,
			);
			path = "01背包";
			sourceTree = "<group>";
		};
		149AAD7F2BEBA5D700CC4EB5 /* 最长上升子序列（小规模） */ = {
			isa = PBXGroup;
			children = (
				149AAD802BEBA5D700CC4EB5 /* main.cpp */,
			);
			path = "最长上升子序列（小规模）";
			sourceTree = "<group>";
		};
		149AAD8A2BEBAB3200CC4EB5 /* 最长上升子序列（大规模） */ = {
			isa = PBXGroup;
			children = (
				149AAD8B2BEBAB3200CC4EB5 /* main.cpp */,
			);
			path = "最长上升子序列（大规模）";
			sourceTree = "<group>";
		};
		149AAD952BEBB45D00CC4EB5 /* 最长公共子序列 */ = {
			isa = PBXGroup;
			children = (
				149AAD962BEBB45D00CC4EB5 /* main.cpp */,
			);
			path = "最长公共子序列";
			sourceTree = "<group>";
		};
		149AADA02BEBB9B400CC4EB5 /* 模9 */ = {
			isa = PBXGroup;
			children = (
				149AADA12BEBB9B400CC4EB5 /* main.cpp */,
			);
			path = "模9";
			sourceTree = "<group>";
		};
		149CF5802BFADB78000313A4 /* 最优装载 */ = {
			isa = PBXGroup;
			children = (
				149CF5812BFADB78000313A4 /* main.cpp */,
			);
			path = "最优装载";
			sourceTree = "<group>";
		};
		149CF58B2BFAE444000313A4 /* 找零钱 */ = {
			isa = PBXGroup;
			children = (
				149CF58C2BFAE444000313A4 /* main.cpp */,
			);
			path = "找零钱";
			sourceTree = "<group>";
		};
		149CF5962BFAED60000313A4 /* 活动选择 */ = {
			isa = PBXGroup;
			children = (
				149CF5972BFAED60000313A4 /* main.cpp */,
			);
			path = "活动选择";
			sourceTree = "<group>";
		};
		14D5B00B2BC6BCDE00B76ECB /* 很大的数组的第k小 */ = {
			isa = PBXGroup;
			children = (
				14D5B00C2BC6BCDE00B76ECB /* main.cpp */,
			);
			path = "很大的数组的第k小";
			sourceTree = "<group>";
		};
		14D5B0162BC6C3DE00B76ECB /* 仿蝴蝶变换 */ = {
			isa = PBXGroup;
			children = (
				14D5B0172BC6C3DE00B76ECB /* main.cpp */,
			);
			path = "仿蝴蝶变换";
			sourceTree = "<group>";
		};
/* End PBXGroup section */

/* Begin PBXNativeTarget section */
		14081D352BC6A84500B416B4 /* 汉诺塔 */ = {
			isa = PBXNativeTarget;
			buildConfigurationList = 14081D3C2BC6A84500B416B4 /* Build configuration list for PBXNativeTarget "汉诺塔" */;
			buildPhases = (
				14081D322BC6A84500B416B4 /* Sources */,
				14081D332BC6A84500B416B4 /* Frameworks */,
				14081D342BC6A84500B416B4 /* CopyFiles */,
			);
			buildRules = (
			);
			dependencies = (
			);
			name = "汉诺塔";
			productName = "汉诺塔";
			productReference = 14081D362BC6A84500B416B4 /* 汉诺塔 */;
			productType = "com.apple.product-type.tool";
		};
		14081D402BC6AA0500B416B4 /* 逆序对 */ = {
			isa = PBXNativeTarget;
			buildConfigurationList = 14081D452BC6AA0600B416B4 /* Build configuration list for PBXNativeTarget "逆序对" */;
			buildPhases = (
				14081D3D2BC6AA0500B416B4 /* Sources */,
				14081D3E2BC6AA0500B416B4 /* Frameworks */,
				14081D3F2BC6AA0500B416B4 /* CopyFiles */,
			);
			buildRules = (
			);
			dependencies = (
			);
			name = "逆序对";
			productName = "逆序对";
			productReference = 14081D412BC6AA0500B416B4 /* 逆序对 */;
			productType = "com.apple.product-type.tool";
		};
		14081D4B2BC6B09100B416B4 /* 幂运算 */ = {
			isa = PBXNativeTarget;
			buildConfigurationList = 14081D502BC6B09100B416B4 /* Build configuration list for PBXNativeTarget "幂运算" */;
			buildPhases = (
				14081D482BC6B09100B416B4 /* Sources */,
				14081D492BC6B09100B416B4 /* Frameworks */,
				14081D4A2BC6B09100B416B4 /* CopyFiles */,
			);
			buildRules = (
			);
			dependencies = (
			);
			name = "幂运算";
			productName = "幂运算";
			productReference = 14081D4C2BC6B09100B416B4 /* 幂运算 */;
			productType = "com.apple.product-type.tool";
		};
		14081D562BC6B53500B416B4 /* 斐波那契数列第n项Plus */ = {
			isa = PBXNativeTarget;
			buildConfigurationList = 14081D5B2BC6B53600B416B4 /* Build configuration list for PBXNativeTarget "斐波那契数列第n项Plus" */;
			buildPhases = (
				14081D532BC6B53500B416B4 /* Sources */,
				14081D542BC6B53500B416B4 /* Frameworks */,
				14081D552BC6B53500B416B4 /* CopyFiles */,
			);
			buildRules = (
			);
			dependencies = (
			);
			name = "斐波那契数列第n项Plus";
			productName = "斐波那契数列第n项Plus";
			productReference = 14081D572BC6B53500B416B4 /* 斐波那契数列第n项Plus */;
			productType = "com.apple.product-type.tool";
		};
		142808B52BC4DF0600B058DA /* 算法分析设计 */ = {
			isa = PBXNativeTarget;
			buildConfigurationList = 142808BD2BC4DF0600B058DA /* Build configuration list for PBXNativeTarget "算法分析设计" */;
			buildPhases = (
				142808B22BC4DF0600B058DA /* Sources */,
				142808B32BC4DF0600B058DA /* Frameworks */,
				142808B42BC4DF0600B058DA /* CopyFiles */,
			);
			buildRules = (
			);
			dependencies = (
			);
			name = "算法分析设计";
			productName = "算法分析设计";
			productReference = 142808B62BC4DF0600B058DA /* 算法分析设计 */;
			productType = "com.apple.product-type.tool";
		};
		142808C32BC4DF2700B058DA /* log2(N) */ = {
			isa = PBXNativeTarget;
			buildConfigurationList = 142808C82BC4DF2700B058DA /* Build configuration list for PBXNativeTarget "log2(N)" */;
			buildPhases = (
				142808C02BC4DF2700B058DA /* Sources */,
				142808C12BC4DF2700B058DA /* Frameworks */,
				142808C22BC4DF2700B058DA /* CopyFiles */,
			);
			buildRules = (
			);
			dependencies = (
			);
			name = "log2(N)";
			productName = "log2(N)";
			productReference = 142808C42BC4DF2700B058DA /* log2(N) */;
			productType = "com.apple.product-type.tool";
		};
		142808CE2BC4E43B00B058DA /* 200和整数对之间的情缘 */ = {
			isa = PBXNativeTarget;
			buildConfigurationList = 142808D32BC4E43B00B058DA /* Build configuration list for PBXNativeTarget "200和整数对之间的情缘" */;
			buildPhases = (
				142808CB2BC4E43B00B058DA /* Sources */,
				142808CC2BC4E43B00B058DA /* Frameworks */,
				142808CD2BC4E43B00B058DA /* CopyFiles */,
			);
			buildRules = (
			);
			dependencies = (
			);
			name = "200和整数对之间的情缘";
			productName = "200和整数对之间的情缘";
			productReference = 142808CF2BC4E43B00B058DA /* 200和整数对之间的情缘 */;
			productType = "com.apple.product-type.tool";
		};
		142808D92BC4E7E800B058DA /* 两面包夹芝 */ = {
			isa = PBXNativeTarget;
			buildConfigurationList = 142808DE2BC4E7E800B058DA /* Build configuration list for PBXNativeTarget "两面包夹芝" */;
			buildPhases = (
				142808D62BC4E7E800B058DA /* Sources */,
				142808D72BC4E7E800B058DA /* Frameworks */,
				142808D82BC4E7E800B058DA /* CopyFiles */,
			);
			buildRules = (
			);
			dependencies = (
			);
			name = "两面包夹芝";
			productName = "两面包夹芝";
			productReference = 142808DA2BC4E7E800B058DA /* 两面包夹芝 */;
			productType = "com.apple.product-type.tool";
		};
		142808E42BC4EAD400B058DA /* 模拟计算器 */ = {
			isa = PBXNativeTarget;
			buildConfigurationList = 142808E92BC4EAD400B058DA /* Build configuration list for PBXNativeTarget "模拟计算器" */;
			buildPhases = (
				142808E12BC4EAD400B058DA /* Sources */,
				142808E22BC4EAD400B058DA /* Frameworks */,
				142808E32BC4EAD400B058DA /* CopyFiles */,
			);
			buildRules = (
			);
			dependencies = (
			);
			name = "模拟计算器";
			productName = "模拟计算器";
			productReference = 142808E52BC4EAD400B058DA /* 模拟计算器 */;
			productType = "com.apple.product-type.tool";
		};
		142808EF2BC4FE1A00B058DA /* 排队 */ = {
			isa = PBXNativeTarget;
			buildConfigurationList = 142808F42BC4FE1A00B058DA /* Build configuration list for PBXNativeTarget "排队" */;
			buildPhases = (
				142808EC2BC4FE1A00B058DA /* Sources */,
				142808ED2BC4FE1A00B058DA /* Frameworks */,
				142808EE2BC4FE1A00B058DA /* CopyFiles */,
			);
			buildRules = (
			);
			dependencies = (
			);
			name = "排队";
			productName = "排队";
			productReference = 142808F02BC4FE1A00B058DA /* 排队 */;
			productType = "com.apple.product-type.tool";
		};
		142808FA2BC6792900B058DA /* 动物的传染病 */ = {
			isa = PBXNativeTarget;
			buildConfigurationList = 142808FF2BC6792900B058DA /* Build configuration list for PBXNativeTarget "动物的传染病" */;
			buildPhases = (
				142808F72BC6792900B058DA /* Sources */,
				142808F82BC6792900B058DA /* Frameworks */,
				142808F92BC6792900B058DA /* CopyFiles */,
			);
			buildRules = (
			);
			dependencies = (
			);
			name = "动物的传染病";
			productName = "动物的传染病";
			productReference = 142808FB2BC6792900B058DA /* 动物的传染病 */;
			productType = "com.apple.product-type.tool";
		};
		142809052BC67B3E00B058DA /* 台阶问题 */ = {
			isa = PBXNativeTarget;
			buildConfigurationList = 1428090A2BC67B3E00B058DA /* Build configuration list for PBXNativeTarget "台阶问题" */;
			buildPhases = (
				142809022BC67B3E00B058DA /* Sources */,
				142809032BC67B3E00B058DA /* Frameworks */,
				142809042BC67B3E00B058DA /* CopyFiles */,
			);
			buildRules = (
			);
			dependencies = (
			);
			name = "台阶问题";
			productName = "台阶问题";
			productReference = 142809062BC67B3E00B058DA /* 台阶问题 */;
			productType = "com.apple.product-type.tool";
		};
		145032422BCFE31200F7B628 /* 循环赛日程表 */ = {
			isa = PBXNativeTarget;
			buildConfigurationList = 145032492BCFE31300F7B628 /* Build configuration list for PBXNativeTarget "循环赛日程表" */;
			buildPhases = (
				1450323F2BCFE31200F7B628 /* Sources */,
				145032402BCFE31200F7B628 /* Frameworks */,
				145032412BCFE31200F7B628 /* CopyFiles */,
			);
			buildRules = (
			);
			dependencies = (
			);
			name = "循环赛日程表";
			productName = "循环赛日程表";
			productReference = 145032432BCFE31200F7B628 /* 循环赛日程表 */;
			productType = "com.apple.product-type.tool";
		};
		1450324E2BCFEE2E00F7B628 /* 整数位乘 */ = {
			isa = PBXNativeTarget;
			buildConfigurationList = 145032532BCFEE2F00F7B628 /* Build configuration list for PBXNativeTarget "整数位乘" */;
			buildPhases = (
				1450324B2BCFEE2E00F7B628 /* Sources */,
				1450324C2BCFEE2E00F7B628 /* Frameworks */,
				1450324D2BCFEE2E00F7B628 /* CopyFiles */,
			);
			buildRules = (
			);
			dependencies = (
			);
			name = "整数位乘";
			productName = "整数位乘";
			productReference = 1450324F2BCFEE2F00F7B628 /* 整数位乘 */;
			productType = "com.apple.product-type.tool";
		};
		147B396A2BF1B27B000CB2F4 /* 方块堆塔 */ = {
			isa = PBXNativeTarget;
			buildConfigurationList = 147B39712BF1B27B000CB2F4 /* Build configuration list for PBXNativeTarget "方块堆塔" */;
			buildPhases = (
				147B39672BF1B27B000CB2F4 /* Sources */,
				147B39682BF1B27B000CB2F4 /* Frameworks */,
				147B39692BF1B27B000CB2F4 /* CopyFiles */,
			);
			buildRules = (
			);
			dependencies = (
			);
			name = "方块堆塔";
			productName = "方块堆塔";
			productReference = 147B396B2BF1B27B000CB2F4 /* 方块堆塔 */;
			productType = "com.apple.product-type.tool";
		};
		1480DEF72BDA969500BACA77 /* 平面最近点对 */ = {
			isa = PBXNativeTarget;
			buildConfigurationList = 1480DEFE2BDA969500BACA77 /* Build configuration list for PBXNativeTarget "平面最近点对" */;
			buildPhases = (
				1480DEF42BDA969500BACA77 /* Sources */,
				1480DEF52BDA969500BACA77 /* Frameworks */,
				1480DEF62BDA969500BACA77 /* CopyFiles */,
			);
			buildRules = (
			);
			dependencies = (
			);
			name = "平面最近点对";
			productName = "平面最近点对";
			productReference = 1480DEF82BDA969500BACA77 /* 平面最近点对 */;
			productType = "com.apple.product-type.tool";
		};
		1480DF022BDF6FAB00BACA77 /* 数字三角形 */ = {
			isa = PBXNativeTarget;
			buildConfigurationList = 1480DF072BDF6FAB00BACA77 /* Build configuration list for PBXNativeTarget "数字三角形" */;
			buildPhases = (
				1480DEFF2BDF6FAB00BACA77 /* Sources */,
				1480DF002BDF6FAB00BACA77 /* Frameworks */,
				1480DF012BDF6FAB00BACA77 /* CopyFiles */,
			);
			buildRules = (
			);
			dependencies = (
			);
			name = "数字三角形";
			productName = "数字三角形";
			productReference = 1480DF032BDF6FAB00BACA77 /* 数字三角形 */;
			productType = "com.apple.product-type.tool";
		};
		1480DF0D2BDF894500BACA77 /* 最大子串和 */ = {
			isa = PBXNativeTarget;
			buildConfigurationList = 1480DF122BDF894500BACA77 /* Build configuration list for PBXNativeTarget "最大子串和" */;
			buildPhases = (
				1480DF0A2BDF894500BACA77 /* Sources */,
				1480DF0B2BDF894500BACA77 /* Frameworks */,
				1480DF0C2BDF894500BACA77 /* CopyFiles */,
			);
			buildRules = (
			);
			dependencies = (
			);
			name = "最大子串和";
			productName = "最大子串和";
			productReference = 1480DF0E2BDF894500BACA77 /* 最大子串和 */;
			productType = "com.apple.product-type.tool";
		};
		149AAD672BEB9D8400CC4EB5 /* 物品无限的背包问题 */ = {
			isa = PBXNativeTarget;
			buildConfigurationList = 149AAD6E2BEB9D8400CC4EB5 /* Build configuration list for PBXNativeTarget "物品无限的背包问题" */;
			buildPhases = (
				149AAD642BEB9D8400CC4EB5 /* Sources */,
				149AAD652BEB9D8400CC4EB5 /* Frameworks */,
				149AAD662BEB9D8400CC4EB5 /* CopyFiles */,
			);
			buildRules = (
			);
			dependencies = (
			);
			name = "物品无限的背包问题";
			productName = "物品无限的背包问题";
			productReference = 149AAD682BEB9D8400CC4EB5 /* 物品无限的背包问题 */;
			productType = "com.apple.product-type.tool";
		};
		149AAD722BEBA0C800CC4EB5 /* 01背包 */ = {
			isa = PBXNativeTarget;
			buildConfigurationList = 149AAD772BEBA0C800CC4EB5 /* Build configuration list for PBXNativeTarget "01背包" */;
			buildPhases = (
				149AAD6F2BEBA0C800CC4EB5 /* Sources */,
				149AAD702BEBA0C800CC4EB5 /* Frameworks */,
				149AAD712BEBA0C800CC4EB5 /* CopyFiles */,
			);
			buildRules = (
			);
			dependencies = (
			);
			name = "01背包";
			productName = "01背包";
			productReference = 149AAD732BEBA0C800CC4EB5 /* 01背包 */;
			productType = "com.apple.product-type.tool";
		};
		149AAD7D2BEBA5D700CC4EB5 /* 最长上升子序列（小规模） */ = {
			isa = PBXNativeTarget;
			buildConfigurationList = 149AAD822BEBA5D700CC4EB5 /* Build configuration list for PBXNativeTarget "最长上升子序列（小规模）" */;
			buildPhases = (
				149AAD7A2BEBA5D700CC4EB5 /* Sources */,
				149AAD7B2BEBA5D700CC4EB5 /* Frameworks */,
				149AAD7C2BEBA5D700CC4EB5 /* CopyFiles */,
			);
			buildRules = (
			);
			dependencies = (
			);
			name = "最长上升子序列（小规模）";
			productName = "最长上升子序列（小规模）";
			productReference = 149AAD7E2BEBA5D700CC4EB5 /* 最长上升子序列（小规模） */;
			productType = "com.apple.product-type.tool";
		};
		149AAD882BEBAB3200CC4EB5 /* 最长上升子序列（大规模） */ = {
			isa = PBXNativeTarget;
			buildConfigurationList = 149AAD8D2BEBAB3200CC4EB5 /* Build configuration list for PBXNativeTarget "最长上升子序列（大规模）" */;
			buildPhases = (
				149AAD852BEBAB3200CC4EB5 /* Sources */,
				149AAD862BEBAB3200CC4EB5 /* Frameworks */,
				149AAD872BEBAB3200CC4EB5 /* CopyFiles */,
			);
			buildRules = (
			);
			dependencies = (
			);
			name = "最长上升子序列（大规模）";
			productName = "最长上升子序列（大规模）";
			productReference = 149AAD892BEBAB3200CC4EB5 /* 最长上升子序列（大规模） */;
			productType = "com.apple.product-type.tool";
		};
		149AAD932BEBB45D00CC4EB5 /* 最长公共子序列 */ = {
			isa = PBXNativeTarget;
			buildConfigurationList = 149AAD982BEBB45D00CC4EB5 /* Build configuration list for PBXNativeTarget "最长公共子序列" */;
			buildPhases = (
				149AAD902BEBB45D00CC4EB5 /* Sources */,
				149AAD912BEBB45D00CC4EB5 /* Frameworks */,
				149AAD922BEBB45D00CC4EB5 /* CopyFiles */,
			);
			buildRules = (
			);
			dependencies = (
			);
			name = "最长公共子序列";
			productName = "最长公共子序列";
			productReference = 149AAD942BEBB45D00CC4EB5 /* 最长公共子序列 */;
			productType = "com.apple.product-type.tool";
		};
		149AAD9E2BEBB9B400CC4EB5 /* 模9 */ = {
			isa = PBXNativeTarget;
			buildConfigurationList = 149AADA32BEBB9B400CC4EB5 /* Build configuration list for PBXNativeTarget "模9" */;
			buildPhases = (
				149AAD9B2BEBB9B400CC4EB5 /* Sources */,
				149AAD9C2BEBB9B400CC4EB5 /* Frameworks */,
				149AAD9D2BEBB9B400CC4EB5 /* CopyFiles */,
			);
			buildRules = (
			);
			dependencies = (
			);
			name = "模9";
			productName = "模9";
			productReference = 149AAD9F2BEBB9B400CC4EB5 /* 模9 */;
			productType = "com.apple.product-type.tool";
		};
		149CF57E2BFADB78000313A4 /* 最优装载 */ = {
			isa = PBXNativeTarget;
			buildConfigurationList = 149CF5852BFADB78000313A4 /* Build configuration list for PBXNativeTarget "最优装载" */;
			buildPhases = (
				149CF57B2BFADB78000313A4 /* Sources */,
				149CF57C2BFADB78000313A4 /* Frameworks */,
				149CF57D2BFADB78000313A4 /* CopyFiles */,
			);
			buildRules = (
			);
			dependencies = (
			);
			name = "最优装载";
			productName = "最优装载";
			productReference = 149CF57F2BFADB78000313A4 /* 最优装载 */;
			productType = "com.apple.product-type.tool";
		};
		149CF5892BFAE443000313A4 /* 找零钱 */ = {
			isa = PBXNativeTarget;
			buildConfigurationList = 149CF58E2BFAE444000313A4 /* Build configuration list for PBXNativeTarget "找零钱" */;
			buildPhases = (
				149CF5862BFAE443000313A4 /* Sources */,
				149CF5872BFAE443000313A4 /* Frameworks */,
				149CF5882BFAE443000313A4 /* CopyFiles */,
			);
			buildRules = (
			);
			dependencies = (
			);
			name = "找零钱";
			productName = "找零钱";
			productReference = 149CF58A2BFAE444000313A4 /* 找零钱 */;
			productType = "com.apple.product-type.tool";
		};
		149CF5942BFAED60000313A4 /* 活动选择 */ = {
			isa = PBXNativeTarget;
			buildConfigurationList = 149CF5992BFAED60000313A4 /* Build configuration list for PBXNativeTarget "活动选择" */;
			buildPhases = (
				149CF5912BFAED60000313A4 /* Sources */,
				149CF5922BFAED60000313A4 /* Frameworks */,
				149CF5932BFAED60000313A4 /* CopyFiles */,
			);
			buildRules = (
			);
			dependencies = (
			);
			name = "活动选择";
			productName = "活动选择";
			productReference = 149CF5952BFAED60000313A4 /* 活动选择 */;
			productType = "com.apple.product-type.tool";
		};
		14D5B0092BC6BCDE00B76ECB /* 很大的数组的第k小 */ = {
			isa = PBXNativeTarget;
			buildConfigurationList = 14D5B0102BC6BCDE00B76ECB /* Build configuration list for PBXNativeTarget "很大的数组的第k小" */;
			buildPhases = (
				14D5B0062BC6BCDE00B76ECB /* Sources */,
				14D5B0072BC6BCDE00B76ECB /* Frameworks */,
				14D5B0082BC6BCDE00B76ECB /* CopyFiles */,
			);
			buildRules = (
			);
			dependencies = (
			);
			name = "很大的数组的第k小";
			productName = "很大的数组的第k小";
			productReference = 14D5B00A2BC6BCDE00B76ECB /* 很大的数组的第k小 */;
			productType = "com.apple.product-type.tool";
		};
		14D5B0142BC6C3DE00B76ECB /* 仿蝴蝶变换 */ = {
			isa = PBXNativeTarget;
			buildConfigurationList = 14D5B0192BC6C3DE00B76ECB /* Build configuration list for PBXNativeTarget "仿蝴蝶变换" */;
			buildPhases = (
				14D5B0112BC6C3DE00B76ECB /* Sources */,
				14D5B0122BC6C3DE00B76ECB /* Frameworks */,
				14D5B0132BC6C3DE00B76ECB /* CopyFiles */,
			);
			buildRules = (
			);
			dependencies = (
			);
			name = "仿蝴蝶变换";
			productName = "仿蝴蝶变换";
			productReference = 14D5B0152BC6C3DE00B76ECB /* 仿蝴蝶变换 */;
			productType = "com.apple.product-type.tool";
		};
/* End PBXNativeTarget section */

/* Begin PBXProject section */
		142808AE2BC4DF0600B058DA /* Project object */ = {
			isa = PBXProject;
			attributes = {
				BuildIndependentTargetsInParallel = 1;
				LastUpgradeCheck = 1500;
				TargetAttributes = {
					14081D352BC6A84500B416B4 = {
						CreatedOnToolsVersion = 15.0.1;
					};
					14081D402BC6AA0500B416B4 = {
						CreatedOnToolsVersion = 15.0.1;
					};
					14081D4B2BC6B09100B416B4 = {
						CreatedOnToolsVersion = 15.0.1;
					};
					14081D562BC6B53500B416B4 = {
						CreatedOnToolsVersion = 15.0.1;
					};
					142808B52BC4DF0600B058DA = {
						CreatedOnToolsVersion = 15.0.1;
					};
					142808C32BC4DF2700B058DA = {
						CreatedOnToolsVersion = 15.0.1;
					};
					142808CE2BC4E43B00B058DA = {
						CreatedOnToolsVersion = 15.0.1;
					};
					142808D92BC4E7E800B058DA = {
						CreatedOnToolsVersion = 15.0.1;
					};
					142808E42BC4EAD400B058DA = {
						CreatedOnToolsVersion = 15.0.1;
					};
					142808EF2BC4FE1A00B058DA = {
						CreatedOnToolsVersion = 15.0.1;
					};
					142808FA2BC6792900B058DA = {
						CreatedOnToolsVersion = 15.0.1;
					};
					142809052BC67B3E00B058DA = {
						CreatedOnToolsVersion = 15.0.1;
					};
					145032422BCFE31200F7B628 = {
						CreatedOnToolsVersion = 15.0.1;
					};
					1450324E2BCFEE2E00F7B628 = {
						CreatedOnToolsVersion = 15.0.1;
					};
					147B396A2BF1B27B000CB2F4 = {
						CreatedOnToolsVersion = 15.0.1;
					};
					1480DEF72BDA969500BACA77 = {
						CreatedOnToolsVersion = 15.0.1;
					};
					1480DF022BDF6FAB00BACA77 = {
						CreatedOnToolsVersion = 15.0.1;
					};
					1480DF0D2BDF894500BACA77 = {
						CreatedOnToolsVersion = 15.0.1;
					};
					149AAD672BEB9D8400CC4EB5 = {
						CreatedOnToolsVersion = 15.0.1;
					};
					149AAD722BEBA0C800CC4EB5 = {
						CreatedOnToolsVersion = 15.0.1;
					};
					149AAD7D2BEBA5D700CC4EB5 = {
						CreatedOnToolsVersion = 15.0.1;
					};
					149AAD882BEBAB3200CC4EB5 = {
						CreatedOnToolsVersion = 15.0.1;
					};
					149AAD932BEBB45D00CC4EB5 = {
						CreatedOnToolsVersion = 15.0.1;
					};
					149AAD9E2BEBB9B400CC4EB5 = {
						CreatedOnToolsVersion = 15.0.1;
					};
					149CF57E2BFADB78000313A4 = {
						CreatedOnToolsVersion = 15.0.1;
					};
					149CF5892BFAE443000313A4 = {
						CreatedOnToolsVersion = 15.0.1;
					};
					149CF5942BFAED60000313A4 = {
						CreatedOnToolsVersion = 15.0.1;
					};
					14D5B0092BC6BCDE00B76ECB = {
						CreatedOnToolsVersion = 15.0.1;
					};
					14D5B0142BC6C3DE00B76ECB = {
						CreatedOnToolsVersion = 15.0.1;
					};
				};
			};
			buildConfigurationList = 142808B12BC4DF0600B058DA /* Build configuration list for PBXProject "算法分析设计" */;
			compatibilityVersion = "Xcode 14.0";
			developmentRegion = en;
			hasScannedForEncodings = 0;
			knownRegions = (
				en,
				Base,
			);
			mainGroup = 142808AD2BC4DF0600B058DA;
			productRefGroup = 142808B72BC4DF0600B058DA /* Products */;
			projectDirPath = "";
			projectRoot = "";
			targets = (
				142808B52BC4DF0600B058DA /* 算法分析设计 */,
				142808C32BC4DF2700B058DA /* log2(N) */,
				142808CE2BC4E43B00B058DA /* 200和整数对之间的情缘 */,
				142808D92BC4E7E800B058DA /* 两面包夹芝 */,
				142808E42BC4EAD400B058DA /* 模拟计算器 */,
				142808EF2BC4FE1A00B058DA /* 排队 */,
				142808FA2BC6792900B058DA /* 动物的传染病 */,
				142809052BC67B3E00B058DA /* 台阶问题 */,
				14081D352BC6A84500B416B4 /* 汉诺塔 */,
				14081D402BC6AA0500B416B4 /* 逆序对 */,
				14081D4B2BC6B09100B416B4 /* 幂运算 */,
				14081D562BC6B53500B416B4 /* 斐波那契数列第n项Plus */,
				14D5B0092BC6BCDE00B76ECB /* 很大的数组的第k小 */,
				14D5B0142BC6C3DE00B76ECB /* 仿蝴蝶变换 */,
				145032422BCFE31200F7B628 /* 循环赛日程表 */,
				1450324E2BCFEE2E00F7B628 /* 整数位乘 */,
				1480DEF72BDA969500BACA77 /* 平面最近点对 */,
				1480DF022BDF6FAB00BACA77 /* 数字三角形 */,
				1480DF0D2BDF894500BACA77 /* 最大子串和 */,
				149AAD672BEB9D8400CC4EB5 /* 物品无限的背包问题 */,
				149AAD722BEBA0C800CC4EB5 /* 01背包 */,
				149AAD7D2BEBA5D700CC4EB5 /* 最长上升子序列（小规模） */,
				149AAD882BEBAB3200CC4EB5 /* 最长上升子序列（大规模） */,
				149AAD932BEBB45D00CC4EB5 /* 最长公共子序列 */,
				149AAD9E2BEBB9B400CC4EB5 /* 模9 */,
				147B396A2BF1B27B000CB2F4 /* 方块堆塔 */,
				149CF57E2BFADB78000313A4 /* 最优装载 */,
				149CF5892BFAE443000313A4 /* 找零钱 */,
				149CF5942BFAED60000313A4 /* 活动选择 */,
			);
		};
/* End PBXProject section */

/* Begin PBXSourcesBuildPhase section */
		14081D322BC6A84500B416B4 /* Sources */ = {
			isa = PBXSourcesBuildPhase;
			buildActionMask = 2147483647;
			files = (
				14081D392BC6A84500B416B4 /* main.cpp in Sources */,
			);
			runOnlyForDeploymentPostprocessing = 0;
		};
		14081D3D2BC6AA0500B416B4 /* Sources */ = {
			isa = PBXSourcesBuildPhase;
			buildActionMask = 2147483647;
			files = (
				14081D442BC6AA0600B416B4 /* main.cpp in Sources */,
			);
			runOnlyForDeploymentPostprocessing = 0;
		};
		14081D482BC6B09100B416B4 /* Sources */ = {
			isa = PBXSourcesBuildPhase;
			buildActionMask = 2147483647;
			files = (
				14081D4F2BC6B09100B416B4 /* main.cpp in Sources */,
			);
			runOnlyForDeploymentPostprocessing = 0;
		};
		14081D532BC6B53500B416B4 /* Sources */ = {
			isa = PBXSourcesBuildPhase;
			buildActionMask = 2147483647;
			files = (
				14081D5A2BC6B53600B416B4 /* main.cpp in Sources */,
			);
			runOnlyForDeploymentPostprocessing = 0;
		};
		142808B22BC4DF0600B058DA /* Sources */ = {
			isa = PBXSourcesBuildPhase;
			buildActionMask = 2147483647;
			files = (
				142808BA2BC4DF0600B058DA /* main.cpp in Sources */,
			);
			runOnlyForDeploymentPostprocessing = 0;
		};
		142808C02BC4DF2700B058DA /* Sources */ = {
			isa = PBXSourcesBuildPhase;
			buildActionMask = 2147483647;
			files = (
				142808C72BC4DF2700B058DA /* main.cpp in Sources */,
			);
			runOnlyForDeploymentPostprocessing = 0;
		};
		142808CB2BC4E43B00B058DA /* Sources */ = {
			isa = PBXSourcesBuildPhase;
			buildActionMask = 2147483647;
			files = (
				142808D22BC4E43B00B058DA /* main.cpp in Sources */,
			);
			runOnlyForDeploymentPostprocessing = 0;
		};
		142808D62BC4E7E800B058DA /* Sources */ = {
			isa = PBXSourcesBuildPhase;
			buildActionMask = 2147483647;
			files = (
				142808DD2BC4E7E800B058DA /* main.cpp in Sources */,
			);
			runOnlyForDeploymentPostprocessing = 0;
		};
		142808E12BC4EAD400B058DA /* Sources */ = {
			isa = PBXSourcesBuildPhase;
			buildActionMask = 2147483647;
			files = (
				142808E82BC4EAD400B058DA /* main.cpp in Sources */,
			);
			runOnlyForDeploymentPostprocessing = 0;
		};
		142808EC2BC4FE1A00B058DA /* Sources */ = {
			isa = PBXSourcesBuildPhase;
			buildActionMask = 2147483647;
			files = (
				142808F32BC4FE1A00B058DA /* main.cpp in Sources */,
			);
			runOnlyForDeploymentPostprocessing = 0;
		};
		142808F72BC6792900B058DA /* Sources */ = {
			isa = PBXSourcesBuildPhase;
			buildActionMask = 2147483647;
			files = (
				142808FE2BC6792900B058DA /* main.cpp in Sources */,
			);
			runOnlyForDeploymentPostprocessing = 0;
		};
		142809022BC67B3E00B058DA /* Sources */ = {
			isa = PBXSourcesBuildPhase;
			buildActionMask = 2147483647;
			files = (
				142809092BC67B3E00B058DA /* main.cpp in Sources */,
			);
			runOnlyForDeploymentPostprocessing = 0;
		};
		1450323F2BCFE31200F7B628 /* Sources */ = {
			isa = PBXSourcesBuildPhase;
			buildActionMask = 2147483647;
			files = (
				145032462BCFE31300F7B628 /* main.cpp in Sources */,
			);
			runOnlyForDeploymentPostprocessing = 0;
		};
		1450324B2BCFEE2E00F7B628 /* Sources */ = {
			isa = PBXSourcesBuildPhase;
			buildActionMask = 2147483647;
			files = (
				145032522BCFEE2F00F7B628 /* main.cpp in Sources */,
			);
			runOnlyForDeploymentPostprocessing = 0;
		};
		147B39672BF1B27B000CB2F4 /* Sources */ = {
			isa = PBXSourcesBuildPhase;
			buildActionMask = 2147483647;
			files = (
				147B396E2BF1B27B000CB2F4 /* main.cpp in Sources */,
			);
			runOnlyForDeploymentPostprocessing = 0;
		};
		1480DEF42BDA969500BACA77 /* Sources */ = {
			isa = PBXSourcesBuildPhase;
			buildActionMask = 2147483647;
			files = (
				1480DEFB2BDA969500BACA77 /* main.cpp in Sources */,
			);
			runOnlyForDeploymentPostprocessing = 0;
		};
		1480DEFF2BDF6FAB00BACA77 /* Sources */ = {
			isa = PBXSourcesBuildPhase;
			buildActionMask = 2147483647;
			files = (
				1480DF062BDF6FAB00BACA77 /* main.cpp in Sources */,
			);
			runOnlyForDeploymentPostprocessing = 0;
		};
		1480DF0A2BDF894500BACA77 /* Sources */ = {
			isa = PBXSourcesBuildPhase;
			buildActionMask = 2147483647;
			files = (
				1480DF112BDF894500BACA77 /* main.cpp in Sources */,
			);
			runOnlyForDeploymentPostprocessing = 0;
		};
		149AAD642BEB9D8400CC4EB5 /* Sources */ = {
			isa = PBXSourcesBuildPhase;
			buildActionMask = 2147483647;
			files = (
				149AAD6B2BEB9D8400CC4EB5 /* main.cpp in Sources */,
			);
			runOnlyForDeploymentPostprocessing = 0;
		};
		149AAD6F2BEBA0C800CC4EB5 /* Sources */ = {
			isa = PBXSourcesBuildPhase;
			buildActionMask = 2147483647;
			files = (
				149AAD762BEBA0C800CC4EB5 /* main.cpp in Sources */,
			);
			runOnlyForDeploymentPostprocessing = 0;
		};
		149AAD7A2BEBA5D700CC4EB5 /* Sources */ = {
			isa = PBXSourcesBuildPhase;
			buildActionMask = 2147483647;
			files = (
				149AAD812BEBA5D700CC4EB5 /* main.cpp in Sources */,
			);
			runOnlyForDeploymentPostprocessing = 0;
		};
		149AAD852BEBAB3200CC4EB5 /* Sources */ = {
			isa = PBXSourcesBuildPhase;
			buildActionMask = 2147483647;
			files = (
				149AAD8C2BEBAB3200CC4EB5 /* main.cpp in Sources */,
			);
			runOnlyForDeploymentPostprocessing = 0;
		};
		149AAD902BEBB45D00CC4EB5 /* Sources */ = {
			isa = PBXSourcesBuildPhase;
			buildActionMask = 2147483647;
			files = (
				149AAD972BEBB45D00CC4EB5 /* main.cpp in Sources */,
			);
			runOnlyForDeploymentPostprocessing = 0;
		};
		149AAD9B2BEBB9B400CC4EB5 /* Sources */ = {
			isa = PBXSourcesBuildPhase;
			buildActionMask = 2147483647;
			files = (
				149AADA22BEBB9B400CC4EB5 /* main.cpp in Sources */,
			);
			runOnlyForDeploymentPostprocessing = 0;
		};
		149CF57B2BFADB78000313A4 /* Sources */ = {
			isa = PBXSourcesBuildPhase;
			buildActionMask = 2147483647;
			files = (
				149CF5822BFADB78000313A4 /* main.cpp in Sources */,
			);
			runOnlyForDeploymentPostprocessing = 0;
		};
		149CF5862BFAE443000313A4 /* Sources */ = {
			isa = PBXSourcesBuildPhase;
			buildActionMask = 2147483647;
			files = (
				149CF58D2BFAE444000313A4 /* main.cpp in Sources */,
			);
			runOnlyForDeploymentPostprocessing = 0;
		};
		149CF5912BFAED60000313A4 /* Sources */ = {
			isa = PBXSourcesBuildPhase;
			buildActionMask = 2147483647;
			files = (
				149CF5982BFAED60000313A4 /* main.cpp in Sources */,
			);
			runOnlyForDeploymentPostprocessing = 0;
		};
		14D5B0062BC6BCDE00B76ECB /* Sources */ = {
			isa = PBXSourcesBuildPhase;
			buildActionMask = 2147483647;
			files = (
				14D5B00D2BC6BCDE00B76ECB /* main.cpp in Sources */,
			);
			runOnlyForDeploymentPostprocessing = 0;
		};
		14D5B0112BC6C3DE00B76ECB /* Sources */ = {
			isa = PBXSourcesBuildPhase;
			buildActionMask = 2147483647;
			files = (
				14D5B0182BC6C3DE00B76ECB /* main.cpp in Sources */,
			);
			runOnlyForDeploymentPostprocessing = 0;
		};
/* End PBXSourcesBuildPhase section */

/* Begin XCBuildConfiguration section */
		14081D3A2BC6A84500B416B4 /* Debug */ = {
			isa = XCBuildConfiguration;
			buildSettings = {
				CODE_SIGN_STYLE = Automatic;
				PRODUCT_NAME = "$(TARGET_NAME)";
			};
			name = Debug;
		};
		14081D3B2BC6A84500B416B4 /* Release */ = {
			isa = XCBuildConfiguration;
			buildSettings = {
				CODE_SIGN_STYLE = Automatic;
				PRODUCT_NAME = "$(TARGET_NAME)";
			};
			name = Release;
		};
		14081D462BC6AA0600B416B4 /* Debug */ = {
			isa = XCBuildConfiguration;
			buildSettings = {
				CODE_SIGN_STYLE = Automatic;
				PRODUCT_NAME = "$(TARGET_NAME)";
			};
			name = Debug;
		};
		14081D472BC6AA0600B416B4 /* Release */ = {
			isa = XCBuildConfiguration;
			buildSettings = {
				CODE_SIGN_STYLE = Automatic;
				PRODUCT_NAME = "$(TARGET_NAME)";
			};
			name = Release;
		};
		14081D512BC6B09100B416B4 /* Debug */ = {
			isa = XCBuildConfiguration;
			buildSettings = {
				CODE_SIGN_STYLE = Automatic;
				PRODUCT_NAME = "$(TARGET_NAME)";
			};
			name = Debug;
		};
		14081D522BC6B09100B416B4 /* Release */ = {
			isa = XCBuildConfiguration;
			buildSettings = {
				CODE_SIGN_STYLE = Automatic;
				PRODUCT_NAME = "$(TARGET_NAME)";
			};
			name = Release;
		};
		14081D5C2BC6B53600B416B4 /* Debug */ = {
			isa = XCBuildConfiguration;
			buildSettings = {
				CODE_SIGN_STYLE = Automatic;
				PRODUCT_NAME = "$(TARGET_NAME)";
			};
			name = Debug;
		};
		14081D5D2BC6B53600B416B4 /* Release */ = {
			isa = XCBuildConfiguration;
			buildSettings = {
				CODE_SIGN_STYLE = Automatic;
				PRODUCT_NAME = "$(TARGET_NAME)";
			};
			name = Release;
		};
		142808BB2BC4DF0600B058DA /* Debug */ = {
			isa = XCBuildConfiguration;
			buildSettings = {
				ALWAYS_SEARCH_USER_PATHS = NO;
				ASSETCATALOG_COMPILER_GENERATE_SWIFT_ASSET_SYMBOL_EXTENSIONS = YES;
				CLANG_ANALYZER_NONNULL = YES;
				CLANG_ANALYZER_NUMBER_OBJECT_CONVERSION = YES_AGGRESSIVE;
				CLANG_CXX_LANGUAGE_STANDARD = "gnu++20";
				CLANG_ENABLE_MODULES = YES;
				CLANG_ENABLE_OBJC_ARC = YES;
				CLANG_ENABLE_OBJC_WEAK = YES;
				CLANG_WARN_BLOCK_CAPTURE_AUTORELEASING = YES;
				CLANG_WARN_BOOL_CONVERSION = YES;
				CLANG_WARN_COMMA = YES;
				CLANG_WARN_CONSTANT_CONVERSION = YES;
				CLANG_WARN_DEPRECATED_OBJC_IMPLEMENTATIONS = YES;
				CLANG_WARN_DIRECT_OBJC_ISA_USAGE = YES_ERROR;
				CLANG_WARN_DOCUMENTATION_COMMENTS = YES;
				CLANG_WARN_EMPTY_BODY = YES;
				CLANG_WARN_ENUM_CONVERSION = YES;
				CLANG_WARN_INFINITE_RECURSION = YES;
				CLANG_WARN_INT_CONVERSION = YES;
				CLANG_WARN_NON_LITERAL_NULL_CONVERSION = YES;
				CLANG_WARN_OBJC_IMPLICIT_RETAIN_SELF = YES;
				CLANG_WARN_OBJC_LITERAL_CONVERSION = YES;
				CLANG_WARN_OBJC_ROOT_CLASS = YES_ERROR;
				CLANG_WARN_QUOTED_INCLUDE_IN_FRAMEWORK_HEADER = YES;
				CLANG_WARN_RANGE_LOOP_ANALYSIS = YES;
				CLANG_WARN_STRICT_PROTOTYPES = YES;
				CLANG_WARN_SUSPICIOUS_MOVE = YES;
				CLANG_WARN_UNGUARDED_AVAILABILITY = YES_AGGRESSIVE;
				CLANG_WARN_UNREACHABLE_CODE = YES;
				CLANG_WARN__DUPLICATE_METHOD_MATCH = YES;
				COPY_PHASE_STRIP = NO;
				DEBUG_INFORMATION_FORMAT = dwarf;
				ENABLE_STRICT_OBJC_MSGSEND = YES;
				ENABLE_TESTABILITY = YES;
				ENABLE_USER_SCRIPT_SANDBOXING = YES;
				GCC_C_LANGUAGE_STANDARD = gnu17;
				GCC_DYNAMIC_NO_PIC = NO;
				GCC_NO_COMMON_BLOCKS = YES;
				GCC_OPTIMIZATION_LEVEL = 0;
				GCC_PREPROCESSOR_DEFINITIONS = (
					"DEBUG=1",
					"$(inherited)",
				);
				GCC_WARN_64_TO_32_BIT_CONVERSION = YES;
				GCC_WARN_ABOUT_RETURN_TYPE = YES_ERROR;
				GCC_WARN_UNDECLARED_SELECTOR = YES;
				GCC_WARN_UNINITIALIZED_AUTOS = YES_AGGRESSIVE;
				GCC_WARN_UNUSED_FUNCTION = YES;
				GCC_WARN_UNUSED_VARIABLE = YES;
				LOCALIZATION_PREFERS_STRING_CATALOGS = YES;
				MACOSX_DEPLOYMENT_TARGET = 14.0;
				MTL_ENABLE_DEBUG_INFO = INCLUDE_SOURCE;
				MTL_FAST_MATH = YES;
				ONLY_ACTIVE_ARCH = YES;
				SDKROOT = macosx;
			};
			name = Debug;
		};
		142808BC2BC4DF0600B058DA /* Release */ = {
			isa = XCBuildConfiguration;
			buildSettings = {
				ALWAYS_SEARCH_USER_PATHS = NO;
				ASSETCATALOG_COMPILER_GENERATE_SWIFT_ASSET_SYMBOL_EXTENSIONS = YES;
				CLANG_ANALYZER_NONNULL = YES;
				CLANG_ANALYZER_NUMBER_OBJECT_CONVERSION = YES_AGGRESSIVE;
				CLANG_CXX_LANGUAGE_STANDARD = "gnu++20";
				CLANG_ENABLE_MODULES = YES;
				CLANG_ENABLE_OBJC_ARC = YES;
				CLANG_ENABLE_OBJC_WEAK = YES;
				CLANG_WARN_BLOCK_CAPTURE_AUTORELEASING = YES;
				CLANG_WARN_BOOL_CONVERSION = YES;
				CLANG_WARN_COMMA = YES;
				CLANG_WARN_CONSTANT_CONVERSION = YES;
				CLANG_WARN_DEPRECATED_OBJC_IMPLEMENTATIONS = YES;
				CLANG_WARN_DIRECT_OBJC_ISA_USAGE = YES_ERROR;
				CLANG_WARN_DOCUMENTATION_COMMENTS = YES;
				CLANG_WARN_EMPTY_BODY = YES;
				CLANG_WARN_ENUM_CONVERSION = YES;
				CLANG_WARN_INFINITE_RECURSION = YES;
				CLANG_WARN_INT_CONVERSION = YES;
				CLANG_WARN_NON_LITERAL_NULL_CONVERSION = YES;
				CLANG_WARN_OBJC_IMPLICIT_RETAIN_SELF = YES;
				CLANG_WARN_OBJC_LITERAL_CONVERSION = YES;
				CLANG_WARN_OBJC_ROOT_CLASS = YES_ERROR;
				CLANG_WARN_QUOTED_INCLUDE_IN_FRAMEWORK_HEADER = YES;
				CLANG_WARN_RANGE_LOOP_ANALYSIS = YES;
				CLANG_WARN_STRICT_PROTOTYPES = YES;
				CLANG_WARN_SUSPICIOUS_MOVE = YES;
				CLANG_WARN_UNGUARDED_AVAILABILITY = YES_AGGRESSIVE;
				CLANG_WARN_UNREACHABLE_CODE = YES;
				CLANG_WARN__DUPLICATE_METHOD_MATCH = YES;
				COPY_PHASE_STRIP = NO;
				DEBUG_INFORMATION_FORMAT = "dwarf-with-dsym";
				ENABLE_NS_ASSERTIONS = NO;
				ENABLE_STRICT_OBJC_MSGSEND = YES;
				ENABLE_USER_SCRIPT_SANDBOXING = YES;
				GCC_C_LANGUAGE_STANDARD = gnu17;
				GCC_NO_COMMON_BLOCKS = YES;
				GCC_WARN_64_TO_32_BIT_CONVERSION = YES;
				GCC_WARN_ABOUT_RETURN_TYPE = YES_ERROR;
				GCC_WARN_UNDECLARED_SELECTOR = YES;
				GCC_WARN_UNINITIALIZED_AUTOS = YES_AGGRESSIVE;
				GCC_WARN_UNUSED_FUNCTION = YES;
				GCC_WARN_UNUSED_VARIABLE = YES;
				LOCALIZATION_PREFERS_STRING_CATALOGS = YES;
				MACOSX_DEPLOYMENT_TARGET = 14.0;
				MTL_ENABLE_DEBUG_INFO = NO;
				MTL_FAST_MATH = YES;
				SDKROOT = macosx;
			};
			name = Release;
		};
		142808BE2BC4DF0600B058DA /* Debug */ = {
			isa = XCBuildConfiguration;
			buildSettings = {
				CODE_SIGN_STYLE = Automatic;
				PRODUCT_NAME = "$(TARGET_NAME)";
			};
			name = Debug;
		};
		142808BF2BC4DF0600B058DA /* Release */ = {
			isa = XCBuildConfiguration;
			buildSettings = {
				CODE_SIGN_STYLE = Automatic;
				PRODUCT_NAME = "$(TARGET_NAME)";
			};
			name = Release;
		};
		142808C92BC4DF2700B058DA /* Debug */ = {
			isa = XCBuildConfiguration;
			buildSettings = {
				CODE_SIGN_STYLE = Automatic;
				PRODUCT_NAME = "$(TARGET_NAME)";
			};
			name = Debug;
		};
		142808CA2BC4DF2700B058DA /* Release */ = {
			isa = XCBuildConfiguration;
			buildSettings = {
				CODE_SIGN_STYLE = Automatic;
				PRODUCT_NAME = "$(TARGET_NAME)";
			};
			name = Release;
		};
		142808D42BC4E43B00B058DA /* Debug */ = {
			isa = XCBuildConfiguration;
			buildSettings = {
				CODE_SIGN_STYLE = Automatic;
				PRODUCT_NAME = "$(TARGET_NAME)";
			};
			name = Debug;
		};
		142808D52BC4E43B00B058DA /* Release */ = {
			isa = XCBuildConfiguration;
			buildSettings = {
				CODE_SIGN_STYLE = Automatic;
				PRODUCT_NAME = "$(TARGET_NAME)";
			};
			name = Release;
		};
		142808DF2BC4E7E800B058DA /* Debug */ = {
			isa = XCBuildConfiguration;
			buildSettings = {
				CODE_SIGN_STYLE = Automatic;
				PRODUCT_NAME = "$(TARGET_NAME)";
			};
			name = Debug;
		};
		142808E02BC4E7E800B058DA /* Release */ = {
			isa = XCBuildConfiguration;
			buildSettings = {
				CODE_SIGN_STYLE = Automatic;
				PRODUCT_NAME = "$(TARGET_NAME)";
			};
			name = Release;
		};
		142808EA2BC4EAD400B058DA /* Debug */ = {
			isa = XCBuildConfiguration;
			buildSettings = {
				CODE_SIGN_STYLE = Automatic;
				PRODUCT_NAME = "$(TARGET_NAME)";
			};
			name = Debug;
		};
		142808EB2BC4EAD400B058DA /* Release */ = {
			isa = XCBuildConfiguration;
			buildSettings = {
				CODE_SIGN_STYLE = Automatic;
				PRODUCT_NAME = "$(TARGET_NAME)";
			};
			name = Release;
		};
		142808F52BC4FE1A00B058DA /* Debug */ = {
			isa = XCBuildConfiguration;
			buildSettings = {
				CODE_SIGN_STYLE = Automatic;
				PRODUCT_NAME = "$(TARGET_NAME)";
			};
			name = Debug;
		};
		142808F62BC4FE1A00B058DA /* Release */ = {
			isa = XCBuildConfiguration;
			buildSettings = {
				CODE_SIGN_STYLE = Automatic;
				PRODUCT_NAME = "$(TARGET_NAME)";
			};
			name = Release;
		};
		142809002BC6792900B058DA /* Debug */ = {
			isa = XCBuildConfiguration;
			buildSettings = {
				CODE_SIGN_STYLE = Automatic;
				PRODUCT_NAME = "$(TARGET_NAME)";
			};
			name = Debug;
		};
		142809012BC6792900B058DA /* Release */ = {
			isa = XCBuildConfiguration;
			buildSettings = {
				CODE_SIGN_STYLE = Automatic;
				PRODUCT_NAME = "$(TARGET_NAME)";
			};
			name = Release;
		};
		1428090B2BC67B3E00B058DA /* Debug */ = {
			isa = XCBuildConfiguration;
			buildSettings = {
				CODE_SIGN_STYLE = Automatic;
				PRODUCT_NAME = "$(TARGET_NAME)";
			};
			name = Debug;
		};
		1428090C2BC67B3E00B058DA /* Release */ = {
			isa = XCBuildConfiguration;
			buildSettings = {
				CODE_SIGN_STYLE = Automatic;
				PRODUCT_NAME = "$(TARGET_NAME)";
			};
			name = Release;
		};
		145032472BCFE31300F7B628 /* Debug */ = {
			isa = XCBuildConfiguration;
			buildSettings = {
				CODE_SIGN_STYLE = Automatic;
				PRODUCT_NAME = "$(TARGET_NAME)";
			};
			name = Debug;
		};
		145032482BCFE31300F7B628 /* Release */ = {
			isa = XCBuildConfiguration;
			buildSettings = {
				CODE_SIGN_STYLE = Automatic;
				PRODUCT_NAME = "$(TARGET_NAME)";
			};
			name = Release;
		};
		145032542BCFEE2F00F7B628 /* Debug */ = {
			isa = XCBuildConfiguration;
			buildSettings = {
				CODE_SIGN_STYLE = Automatic;
				PRODUCT_NAME = "$(TARGET_NAME)";
			};
			name = Debug;
		};
		145032552BCFEE2F00F7B628 /* Release */ = {
			isa = XCBuildConfiguration;
			buildSettings = {
				CODE_SIGN_STYLE = Automatic;
				PRODUCT_NAME = "$(TARGET_NAME)";
			};
			name = Release;
		};
		147B396F2BF1B27B000CB2F4 /* Debug */ = {
			isa = XCBuildConfiguration;
			buildSettings = {
				CODE_SIGN_STYLE = Automatic;
				PRODUCT_NAME = "$(TARGET_NAME)";
			};
			name = Debug;
		};
		147B39702BF1B27B000CB2F4 /* Release */ = {
			isa = XCBuildConfiguration;
			buildSettings = {
				CODE_SIGN_STYLE = Automatic;
				PRODUCT_NAME = "$(TARGET_NAME)";
			};
			name = Release;
		};
		1480DEFC2BDA969500BACA77 /* Debug */ = {
			isa = XCBuildConfiguration;
			buildSettings = {
				CODE_SIGN_STYLE = Automatic;
				PRODUCT_NAME = "$(TARGET_NAME)";
			};
			name = Debug;
		};
		1480DEFD2BDA969500BACA77 /* Release */ = {
			isa = XCBuildConfiguration;
			buildSettings = {
				CODE_SIGN_STYLE = Automatic;
				PRODUCT_NAME = "$(TARGET_NAME)";
			};
			name = Release;
		};
		1480DF082BDF6FAB00BACA77 /* Debug */ = {
			isa = XCBuildConfiguration;
			buildSettings = {
				CODE_SIGN_STYLE = Automatic;
				PRODUCT_NAME = "$(TARGET_NAME)";
			};
			name = Debug;
		};
		1480DF092BDF6FAB00BACA77 /* Release */ = {
			isa = XCBuildConfiguration;
			buildSettings = {
				CODE_SIGN_STYLE = Automatic;
				PRODUCT_NAME = "$(TARGET_NAME)";
			};
			name = Release;
		};
		1480DF132BDF894500BACA77 /* Debug */ = {
			isa = XCBuildConfiguration;
			buildSettings = {
				CODE_SIGN_STYLE = Automatic;
				PRODUCT_NAME = "$(TARGET_NAME)";
			};
			name = Debug;
		};
		1480DF142BDF894500BACA77 /* Release */ = {
			isa = XCBuildConfiguration;
			buildSettings = {
				CODE_SIGN_STYLE = Automatic;
				PRODUCT_NAME = "$(TARGET_NAME)";
			};
			name = Release;
		};
		149AAD6C2BEB9D8400CC4EB5 /* Debug */ = {
			isa = XCBuildConfiguration;
			buildSettings = {
				CODE_SIGN_STYLE = Automatic;
				PRODUCT_NAME = "$(TARGET_NAME)";
			};
			name = Debug;
		};
		149AAD6D2BEB9D8400CC4EB5 /* Release */ = {
			isa = XCBuildConfiguration;
			buildSettings = {
				CODE_SIGN_STYLE = Automatic;
				PRODUCT_NAME = "$(TARGET_NAME)";
			};
			name = Release;
		};
		149AAD782BEBA0C800CC4EB5 /* Debug */ = {
			isa = XCBuildConfiguration;
			buildSettings = {
				CODE_SIGN_STYLE = Automatic;
				PRODUCT_NAME = "$(TARGET_NAME)";
			};
			name = Debug;
		};
		149AAD792BEBA0C800CC4EB5 /* Release */ = {
			isa = XCBuildConfiguration;
			buildSettings = {
				CODE_SIGN_STYLE = Automatic;
				PRODUCT_NAME = "$(TARGET_NAME)";
			};
			name = Release;
		};
		149AAD832BEBA5D700CC4EB5 /* Debug */ = {
			isa = XCBuildConfiguration;
			buildSettings = {
				CODE_SIGN_STYLE = Automatic;
				PRODUCT_NAME = "$(TARGET_NAME)";
			};
			name = Debug;
		};
		149AAD842BEBA5D700CC4EB5 /* Release */ = {
			isa = XCBuildConfiguration;
			buildSettings = {
				CODE_SIGN_STYLE = Automatic;
				PRODUCT_NAME = "$(TARGET_NAME)";
			};
			name = Release;
		};
		149AAD8E2BEBAB3200CC4EB5 /* Debug */ = {
			isa = XCBuildConfiguration;
			buildSettings = {
				CODE_SIGN_STYLE = Automatic;
				PRODUCT_NAME = "$(TARGET_NAME)";
			};
			name = Debug;
		};
		149AAD8F2BEBAB3200CC4EB5 /* Release */ = {
			isa = XCBuildConfiguration;
			buildSettings = {
				CODE_SIGN_STYLE = Automatic;
				PRODUCT_NAME = "$(TARGET_NAME)";
			};
			name = Release;
		};
		149AAD992BEBB45D00CC4EB5 /* Debug */ = {
			isa = XCBuildConfiguration;
			buildSettings = {
				CODE_SIGN_STYLE = Automatic;
				PRODUCT_NAME = "$(TARGET_NAME)";
			};
			name = Debug;
		};
		149AAD9A2BEBB45D00CC4EB5 /* Release */ = {
			isa = XCBuildConfiguration;
			buildSettings = {
				CODE_SIGN_STYLE = Automatic;
				PRODUCT_NAME = "$(TARGET_NAME)";
			};
			name = Release;
		};
		149AADA42BEBB9B400CC4EB5 /* Debug */ = {
			isa = XCBuildConfiguration;
			buildSettings = {
				CODE_SIGN_STYLE = Automatic;
				PRODUCT_NAME = "$(TARGET_NAME)";
			};
			name = Debug;
		};
		149AADA52BEBB9B400CC4EB5 /* Release */ = {
			isa = XCBuildConfiguration;
			buildSettings = {
				CODE_SIGN_STYLE = Automatic;
				PRODUCT_NAME = "$(TARGET_NAME)";
			};
			name = Release;
		};
		149CF5832BFADB78000313A4 /* Debug */ = {
			isa = XCBuildConfiguration;
			buildSettings = {
				CODE_SIGN_STYLE = Automatic;
				PRODUCT_NAME = "$(TARGET_NAME)";
			};
			name = Debug;
		};
		149CF5842BFADB78000313A4 /* Release */ = {
			isa = XCBuildConfiguration;
			buildSettings = {
				CODE_SIGN_STYLE = Automatic;
				PRODUCT_NAME = "$(TARGET_NAME)";
			};
			name = Release;
		};
		149CF58F2BFAE444000313A4 /* Debug */ = {
			isa = XCBuildConfiguration;
			buildSettings = {
				CODE_SIGN_STYLE = Automatic;
				PRODUCT_NAME = "$(TARGET_NAME)";
			};
			name = Debug;
		};
		149CF5902BFAE444000313A4 /* Release */ = {
			isa = XCBuildConfiguration;
			buildSettings = {
				CODE_SIGN_STYLE = Automatic;
				PRODUCT_NAME = "$(TARGET_NAME)";
			};
			name = Release;
		};
		149CF59A2BFAED60000313A4 /* Debug */ = {
			isa = XCBuildConfiguration;
			buildSettings = {
				CODE_SIGN_STYLE = Automatic;
				PRODUCT_NAME = "$(TARGET_NAME)";
			};
			name = Debug;
		};
		149CF59B2BFAED60000313A4 /* Release */ = {
			isa = XCBuildConfiguration;
			buildSettings = {
				CODE_SIGN_STYLE = Automatic;
				PRODUCT_NAME = "$(TARGET_NAME)";
			};
			name = Release;
		};
		14D5B00E2BC6BCDE00B76ECB /* Debug */ = {
			isa = XCBuildConfiguration;
			buildSettings = {
				CODE_SIGN_STYLE = Automatic;
				PRODUCT_NAME = "$(TARGET_NAME)";
			};
			name = Debug;
		};
		14D5B00F2BC6BCDE00B76ECB /* Release */ = {
			isa = XCBuildConfiguration;
			buildSettings = {
				CODE_SIGN_STYLE = Automatic;
				PRODUCT_NAME = "$(TARGET_NAME)";
			};
			name = Release;
		};
		14D5B01A2BC6C3DE00B76ECB /* Debug */ = {
			isa = XCBuildConfiguration;
			buildSettings = {
				CODE_SIGN_STYLE = Automatic;
				PRODUCT_NAME = "$(TARGET_NAME)";
			};
			name = Debug;
		};
		14D5B01B2BC6C3DE00B76ECB /* Release */ = {
			isa = XCBuildConfiguration;
			buildSettings = {
				CODE_SIGN_STYLE = Automatic;
				PRODUCT_NAME = "$(TARGET_NAME)";
			};
			name = Release;
		};
/* End XCBuildConfiguration section */

/* Begin XCConfigurationList section */
		14081D3C2BC6A84500B416B4 /* Build configuration list for PBXNativeTarget "汉诺塔" */ = {
			isa = XCConfigurationList;
			buildConfigurations = (
				14081D3A2BC6A84500B416B4 /* Debug */,
				14081D3B2BC6A84500B416B4 /* Release */,
			);
			defaultConfigurationIsVisible = 0;
			defaultConfigurationName = Release;
		};
		14081D452BC6AA0600B416B4 /* Build configuration list for PBXNativeTarget "逆序对" */ = {
			isa = XCConfigurationList;
			buildConfigurations = (
				14081D462BC6AA0600B416B4 /* Debug */,
				14081D472BC6AA0600B416B4 /* Release */,
			);
			defaultConfigurationIsVisible = 0;
			defaultConfigurationName = Release;
		};
		14081D502BC6B09100B416B4 /* Build configuration list for PBXNativeTarget "幂运算" */ = {
			isa = XCConfigurationList;
			buildConfigurations = (
				14081D512BC6B09100B416B4 /* Debug */,
				14081D522BC6B09100B416B4 /* Release */,
			);
			defaultConfigurationIsVisible = 0;
			defaultConfigurationName = Release;
		};
		14081D5B2BC6B53600B416B4 /* Build configuration list for PBXNativeTarget "斐波那契数列第n项Plus" */ = {
			isa = XCConfigurationList;
			buildConfigurations = (
				14081D5C2BC6B53600B416B4 /* Debug */,
				14081D5D2BC6B53600B416B4 /* Release */,
			);
			defaultConfigurationIsVisible = 0;
			defaultConfigurationName = Release;
		};
		142808B12BC4DF0600B058DA /* Build configuration list for PBXProject "算法分析设计" */ = {
			isa = XCConfigurationList;
			buildConfigurations = (
				142808BB2BC4DF0600B058DA /* Debug */,
				142808BC2BC4DF0600B058DA /* Release */,
			);
			defaultConfigurationIsVisible = 0;
			defaultConfigurationName = Release;
		};
		142808BD2BC4DF0600B058DA /* Build configuration list for PBXNativeTarget "算法分析设计" */ = {
			isa = XCConfigurationList;
			buildConfigurations = (
				142808BE2BC4DF0600B058DA /* Debug */,
				142808BF2BC4DF0600B058DA /* Release */,
			);
			defaultConfigurationIsVisible = 0;
			defaultConfigurationName = Release;
		};
		142808C82BC4DF2700B058DA /* Build configuration list for PBXNativeTarget "log2(N)" */ = {
			isa = XCConfigurationList;
			buildConfigurations = (
				142808C92BC4DF2700B058DA /* Debug */,
				142808CA2BC4DF2700B058DA /* Release */,
			);
			defaultConfigurationIsVisible = 0;
			defaultConfigurationName = Release;
		};
		142808D32BC4E43B00B058DA /* Build configuration list for PBXNativeTarget "200和整数对之间的情缘" */ = {
			isa = XCConfigurationList;
			buildConfigurations = (
				142808D42BC4E43B00B058DA /* Debug */,
				142808D52BC4E43B00B058DA /* Release */,
			);
			defaultConfigurationIsVisible = 0;
			defaultConfigurationName = Release;
		};
		142808DE2BC4E7E800B058DA /* Build configuration list for PBXNativeTarget "两面包夹芝" */ = {
			isa = XCConfigurationList;
			buildConfigurations = (
				142808DF2BC4E7E800B058DA /* Debug */,
				142808E02BC4E7E800B058DA /* Release */,
			);
			defaultConfigurationIsVisible = 0;
			defaultConfigurationName = Release;
		};
		142808E92BC4EAD400B058DA /* Build configuration list for PBXNativeTarget "模拟计算器" */ = {
			isa = XCConfigurationList;
			buildConfigurations = (
				142808EA2BC4EAD400B058DA /* Debug */,
				142808EB2BC4EAD400B058DA /* Release */,
			);
			defaultConfigurationIsVisible = 0;
			defaultConfigurationName = Release;
		};
		142808F42BC4FE1A00B058DA /* Build configuration list for PBXNativeTarget "排队" */ = {
			isa = XCConfigurationList;
			buildConfigurations = (
				142808F52BC4FE1A00B058DA /* Debug */,
				142808F62BC4FE1A00B058DA /* Release */,
			);
			defaultConfigurationIsVisible = 0;
			defaultConfigurationName = Release;
		};
		142808FF2BC6792900B058DA /* Build configuration list for PBXNativeTarget "动物的传染病" */ = {
			isa = XCConfigurationList;
			buildConfigurations = (
				142809002BC6792900B058DA /* Debug */,
				142809012BC6792900B058DA /* Release */,
			);
			defaultConfigurationIsVisible = 0;
			defaultConfigurationName = Release;
		};
		1428090A2BC67B3E00B058DA /* Build configuration list for PBXNativeTarget "台阶问题" */ = {
			isa = XCConfigurationList;
			buildConfigurations = (
				1428090B2BC67B3E00B058DA /* Debug */,
				1428090C2BC67B3E00B058DA /* Release */,
			);
			defaultConfigurationIsVisible = 0;
			defaultConfigurationName = Release;
		};
		145032492BCFE31300F7B628 /* Build configuration list for PBXNativeTarget "循环赛日程表" */ = {
			isa = XCConfigurationList;
			buildConfigurations = (
				145032472BCFE31300F7B628 /* Debug */,
				145032482BCFE31300F7B628 /* Release */,
			);
			defaultConfigurationIsVisible = 0;
			defaultConfigurationName = Release;
		};
		145032532BCFEE2F00F7B628 /* Build configuration list for PBXNativeTarget "整数位乘" */ = {
			isa = XCConfigurationList;
			buildConfigurations = (
				145032542BCFEE2F00F7B628 /* Debug */,
				145032552BCFEE2F00F7B628 /* Release */,
			);
			defaultConfigurationIsVisible = 0;
			defaultConfigurationName = Release;
		};
		147B39712BF1B27B000CB2F4 /* Build configuration list for PBXNativeTarget "方块堆塔" */ = {
			isa = XCConfigurationList;
			buildConfigurations = (
				147B396F2BF1B27B000CB2F4 /* Debug */,
				147B39702BF1B27B000CB2F4 /* Release */,
			);
			defaultConfigurationIsVisible = 0;
			defaultConfigurationName = Release;
		};
		1480DEFE2BDA969500BACA77 /* Build configuration list for PBXNativeTarget "平面最近点对" */ = {
			isa = XCConfigurationList;
			buildConfigurations = (
				1480DEFC2BDA969500BACA77 /* Debug */,
				1480DEFD2BDA969500BACA77 /* Release */,
			);
			defaultConfigurationIsVisible = 0;
			defaultConfigurationName = Release;
		};
		1480DF072BDF6FAB00BACA77 /* Build configuration list for PBXNativeTarget "数字三角形" */ = {
			isa = XCConfigurationList;
			buildConfigurations = (
				1480DF082BDF6FAB00BACA77 /* Debug */,
				1480DF092BDF6FAB00BACA77 /* Release */,
			);
			defaultConfigurationIsVisible = 0;
			defaultConfigurationName = Release;
		};
		1480DF122BDF894500BACA77 /* Build configuration list for PBXNativeTarget "最大子串和" */ = {
			isa = XCConfigurationList;
			buildConfigurations = (
				1480DF132BDF894500BACA77 /* Debug */,
				1480DF142BDF894500BACA77 /* Release */,
			);
			defaultConfigurationIsVisible = 0;
			defaultConfigurationName = Release;
		};
		149AAD6E2BEB9D8400CC4EB5 /* Build configuration list for PBXNativeTarget "物品无限的背包问题" */ = {
			isa = XCConfigurationList;
			buildConfigurations = (
				149AAD6C2BEB9D8400CC4EB5 /* Debug */,
				149AAD6D2BEB9D8400CC4EB5 /* Release */,
			);
			defaultConfigurationIsVisible = 0;
			defaultConfigurationName = Release;
		};
		149AAD772BEBA0C800CC4EB5 /* Build configuration list for PBXNativeTarget "01背包" */ = {
			isa = XCConfigurationList;
			buildConfigurations = (
				149AAD782BEBA0C800CC4EB5 /* Debug */,
				149AAD792BEBA0C800CC4EB5 /* Release */,
			);
			defaultConfigurationIsVisible = 0;
			defaultConfigurationName = Release;
		};
		149AAD822BEBA5D700CC4EB5 /* Build configuration list for PBXNativeTarget "最长上升子序列（小规模）" */ = {
			isa = XCConfigurationList;
			buildConfigurations = (
				149AAD832BEBA5D700CC4EB5 /* Debug */,
				149AAD842BEBA5D700CC4EB5 /* Release */,
			);
			defaultConfigurationIsVisible = 0;
			defaultConfigurationName = Release;
		};
		149AAD8D2BEBAB3200CC4EB5 /* Build configuration list for PBXNativeTarget "最长上升子序列（大规模）" */ = {
			isa = XCConfigurationList;
			buildConfigurations = (
				149AAD8E2BEBAB3200CC4EB5 /* Debug */,
				149AAD8F2BEBAB3200CC4EB5 /* Release */,
			);
			defaultConfigurationIsVisible = 0;
			defaultConfigurationName = Release;
		};
		149AAD982BEBB45D00CC4EB5 /* Build configuration list for PBXNativeTarget "最长公共子序列" */ = {
			isa = XCConfigurationList;
			buildConfigurations = (
				149AAD992BEBB45D00CC4EB5 /* Debug */,
				149AAD9A2BEBB45D00CC4EB5 /* Release */,
			);
			defaultConfigurationIsVisible = 0;
			defaultConfigurationName = Release;
		};
		149AADA32BEBB9B400CC4EB5 /* Build configuration list for PBXNativeTarget "模9" */ = {
			isa = XCConfigurationList;
			buildConfigurations = (
				149AADA42BEBB9B400CC4EB5 /* Debug */,
				149AADA52BEBB9B400CC4EB5 /* Release */,
			);
			defaultConfigurationIsVisible = 0;
			defaultConfigurationName = Release;
		};
		149CF5852BFADB78000313A4 /* Build configuration list for PBXNativeTarget "最优装载" */ = {
			isa = XCConfigurationList;
			buildConfigurations = (
				149CF5832BFADB78000313A4 /* Debug */,
				149CF5842BFADB78000313A4 /* Release */,
			);
			defaultConfigurationIsVisible = 0;
			defaultConfigurationName = Release;
		};
		149CF58E2BFAE444000313A4 /* Build configuration list for PBXNativeTarget "找零钱" */ = {
			isa = XCConfigurationList;
			buildConfigurations = (
				149CF58F2BFAE444000313A4 /* Debug */,
				149CF5902BFAE444000313A4 /* Release */,
			);
			defaultConfigurationIsVisible = 0;
			defaultConfigurationName = Release;
		};
		149CF5992BFAED60000313A4 /* Build configuration list for PBXNativeTarget "活动选择" */ = {
			isa = XCConfigurationList;
			buildConfigurations = (
				149CF59A2BFAED60000313A4 /* Debug */,
				149CF59B2BFAED60000313A4 /* Release */,
			);
			defaultConfigurationIsVisible = 0;
			defaultConfigurationName = Release;
		};
		14D5B0102BC6BCDE00B76ECB /* Build configuration list for PBXNativeTarget "很大的数组的第k小" */ = {
			isa = XCConfigurationList;
			buildConfigurations = (
				14D5B00E2BC6BCDE00B76ECB /* Debug */,
				14D5B00F2BC6BCDE00B76ECB /* Release */,
			);
			defaultConfigurationIsVisible = 0;
			defaultConfigurationName = Release;
		};
		14D5B0192BC6C3DE00B76ECB /* Build configuration list for PBXNativeTarget "仿蝴蝶变换" */ = {
			isa = XCConfigurationList;
			buildConfigurations = (
				14D5B01A2BC6C3DE00B76ECB /* Debug */,
				14D5B01B2BC6C3DE00B76ECB /* Release */,
			);
			defaultConfigurationIsVisible = 0;
			defaultConfigurationName = Release;
		};
/* End XCConfigurationList section */
	};
	rootObject = 142808AE2BC4DF0600B058DA /* Project object */;
}
